// !$*UTF8*$!
{
	archiveVersion = 1;
	classes = {
	};
	objectVersion = 46;
	objects = {

/* Begin PBXBuildFile section */
		542A858E1A8CADCF00DC0E19 /* contentsViewController.xib in Resources */ = {isa = PBXBuildFile; fileRef = 542A858C1A8CADCF00DC0E19 /* contentsViewController.xib */; };
		5437B93E1ABADF6B00560821 /* MySelfDataForLOLDemoViewController.m in Sources */ = {isa = PBXBuildFile; fileRef = 5437B93D1ABADF6B00560821 /* MySelfDataForLOLDemoViewController.m */; };
		5437B9551ABAE00E00560821 /* default_dark_region_icon.png in Resources */ = {isa = PBXBuildFile; fileRef = 5437B93F1ABAE00E00560821 /* default_dark_region_icon.png */; };
		5437B9561ABAE00E00560821 /* set_btn_normal.png in Resources */ = {isa = PBXBuildFile; fileRef = 5437B9401ABAE00E00560821 /* set_btn_normal.png */; };
		5437B9571ABAE00E00560821 /* set_btn_press.png in Resources */ = {isa = PBXBuildFile; fileRef = 5437B9411ABAE00E00560821 /* set_btn_press.png */; };
		5437B9581ABAE00E00560821 /* default_head@2x.png in Resources */ = {isa = PBXBuildFile; fileRef = 5437B9421ABAE00E00560821 /* default_head@2x.png */; };
		5437B9591ABAE00E00560821 /* default_personal_bg@2x.png in Resources */ = {isa = PBXBuildFile; fileRef = 5437B9431ABAE00E00560821 /* default_personal_bg@2x.png */; };
		5437B95A1ABAE00E00560821 /* default_user_head@2x.png in Resources */ = {isa = PBXBuildFile; fileRef = 5437B9441ABAE00E00560821 /* default_user_head@2x.png */; };
		5437B95B1ABAE00E00560821 /* first_win_calendar_arrow@2x.png in Resources */ = {isa = PBXBuildFile; fileRef = 5437B9451ABAE00E00560821 /* first_win_calendar_arrow@2x.png */; };
		5437B95C1ABAE00E00560821 /* first_win_calendar_btn_normal@2x.png in Resources */ = {isa = PBXBuildFile; fileRef = 5437B9461ABAE00E00560821 /* first_win_calendar_btn_normal@2x.png */; };
		5437B95D1ABAE00E00560821 /* first_win_calendar_btn_press@2x.png in Resources */ = {isa = PBXBuildFile; fileRef = 5437B9471ABAE00E00560821 /* first_win_calendar_btn_press@2x.png */; };
		5437B95E1ABAE00E00560821 /* friend_header_down@2x.png in Resources */ = {isa = PBXBuildFile; fileRef = 5437B9481ABAE00E00560821 /* friend_header_down@2x.png */; };
		5437B95F1ABAE00E00560821 /* friend_sex_female@2x.png in Resources */ = {isa = PBXBuildFile; fileRef = 5437B9491ABAE00E00560821 /* friend_sex_female@2x.png */; };
		5437B9601ABAE00E00560821 /* friend_sex_male@2x.png in Resources */ = {isa = PBXBuildFile; fileRef = 5437B94A1ABAE00E00560821 /* friend_sex_male@2x.png */; };
		5437B9611ABAE00E00560821 /* friend_state_offline@2x.png in Resources */ = {isa = PBXBuildFile; fileRef = 5437B94B1ABAE00E00560821 /* friend_state_offline@2x.png */; };
		5437B9621ABAE00E00560821 /* person_card_share_press@2x.png in Resources */ = {isa = PBXBuildFile; fileRef = 5437B94C1ABAE00E00560821 /* person_card_share_press@2x.png */; };
		5437B9631ABAE00E00560821 /* player_card_arrow_normal@2x.png in Resources */ = {isa = PBXBuildFile; fileRef = 5437B94D1ABAE00E00560821 /* player_card_arrow_normal@2x.png */; };
		5437B9641ABAE00E00560821 /* player_card_arrow_press@2x.png in Resources */ = {isa = PBXBuildFile; fileRef = 5437B94E1ABAE00E00560821 /* player_card_arrow_press@2x.png */; };
		5437B9651ABAE00E00560821 /* player_position_edit@2x.png in Resources */ = {isa = PBXBuildFile; fileRef = 5437B94F1ABAE00E00560821 /* player_position_edit@2x.png */; };
		5437B9661ABAE00E00560821 /* quiz_progress_bg@2x.png in Resources */ = {isa = PBXBuildFile; fileRef = 5437B9501ABAE00E00560821 /* quiz_progress_bg@2x.png */; };
		5437B9671ABAE00E00560821 /* quiz_seperate_line@2x.png in Resources */ = {isa = PBXBuildFile; fileRef = 5437B9511ABAE00E00560821 /* quiz_seperate_line@2x.png */; };
		5437B9681ABAE00E00560821 /* share_normal@2x.png in Resources */ = {isa = PBXBuildFile; fileRef = 5437B9521ABAE00E00560821 /* share_normal@2x.png */; };
		5437B9691ABAE00E00560821 /* share_pressed@2x.png in Resources */ = {isa = PBXBuildFile; fileRef = 5437B9531ABAE00E00560821 /* share_pressed@2x.png */; };
		5437B96A1ABAE00E00560821 /* stage_0@2x.png in Resources */ = {isa = PBXBuildFile; fileRef = 5437B9541ABAE00E00560821 /* stage_0@2x.png */; };
		5437B96E1ABB00FF00560821 /* NewsAndImagePlayerViewController.m in Sources */ = {isa = PBXBuildFile; fileRef = 5437B96D1ABB00FF00560821 /* NewsAndImagePlayerViewController.m */; };
		5437B9711ABB16CE00560821 /* TopTabViewController.m in Sources */ = {isa = PBXBuildFile; fileRef = 5437B9701ABB16CE00560821 /* TopTabViewController.m */; };
		54B572251ABAA67C0062D43C /* 下拉刷新动画（改）.gif in Resources */ = {isa = PBXBuildFile; fileRef = 54B572021ABAA67C0062D43C /* 下拉刷新动画（改）.gif */; };
		54B572261ABAA67C0062D43C /* loading_teemo_1副本.png in Resources */ = {isa = PBXBuildFile; fileRef = 54B572031ABAA67C0062D43C /* loading_teemo_1副本.png */; };
		54B572271ABAA67C0062D43C /* loading_teemo_2副本.png in Resources */ = {isa = PBXBuildFile; fileRef = 54B572041ABAA67C0062D43C /* loading_teemo_2副本.png */; };
		54B572281ABAA67C0062D43C /* LOL1.jpg in Resources */ = {isa = PBXBuildFile; fileRef = 54B572051ABAA67C0062D43C /* LOL1.jpg */; };
		54B572291ABAA67C0062D43C /* LOL2.jpg in Resources */ = {isa = PBXBuildFile; fileRef = 54B572061ABAA67C0062D43C /* LOL2.jpg */; };
		54B5722A1ABAA67C0062D43C /* LOL3.jpg in Resources */ = {isa = PBXBuildFile; fileRef = 54B572071ABAA67C0062D43C /* LOL3.jpg */; };
		54B5722B1ABAA67C0062D43C /* LOL4.jpg in Resources */ = {isa = PBXBuildFile; fileRef = 54B572081ABAA67C0062D43C /* LOL4.jpg */; };
		54B5722C1ABAA67C0062D43C /* LOL5.jpg in Resources */ = {isa = PBXBuildFile; fileRef = 54B572091ABAA67C0062D43C /* LOL5.jpg */; };
		54B5722D1ABAA67C0062D43C /* LOL6.jpg in Resources */ = {isa = PBXBuildFile; fileRef = 54B5720A1ABAA67C0062D43C /* LOL6.jpg */; };
		54B5722E1ABAA67C0062D43C /* LOL7.jpg in Resources */ = {isa = PBXBuildFile; fileRef = 54B5720B1ABAA67C0062D43C /* LOL7.jpg */; };
		54B5722F1ABAA67C0062D43C /* LOL8.jpg in Resources */ = {isa = PBXBuildFile; fileRef = 54B5720C1ABAA67C0062D43C /* LOL8.jpg */; };
		54B572301ABAA67C0062D43C /* LOL9.jpg in Resources */ = {isa = PBXBuildFile; fileRef = 54B5720D1ABAA67C0062D43C /* LOL9.jpg */; };
		54B572311ABAA67C0062D43C /* LOL10.jpg in Resources */ = {isa = PBXBuildFile; fileRef = 54B5720E1ABAA67C0062D43C /* LOL10.jpg */; };
		54B572321ABAA67C0062D43C /* LOL11.jpg in Resources */ = {isa = PBXBuildFile; fileRef = 54B5720F1ABAA67C0062D43C /* LOL11.jpg */; };
		54B572331ABAA67C0062D43C /* LOL12.jpg in Resources */ = {isa = PBXBuildFile; fileRef = 54B572101ABAA67C0062D43C /* LOL12.jpg */; };
		54B572341ABAA67C0062D43C /* LOL13.jpg in Resources */ = {isa = PBXBuildFile; fileRef = 54B572111ABAA67C0062D43C /* LOL13.jpg */; };
		54B572351ABAA67C0062D43C /* timo(new).png in Resources */ = {isa = PBXBuildFile; fileRef = 54B572121ABAA67C0062D43C /* timo(new).png */; };
		54B572361ABAA67C0062D43C /* timo(new)2.png in Resources */ = {isa = PBXBuildFile; fileRef = 54B572131ABAA67C0062D43C /* timo(new)2.png */; };
		54B572371ABAA67C0062D43C /* 壁纸1.jpg in Resources */ = {isa = PBXBuildFile; fileRef = 54B572141ABAA67C0062D43C /* 壁纸1.jpg */; };
		54B572381ABAA67C0062D43C /* 壁纸2.jpg in Resources */ = {isa = PBXBuildFile; fileRef = 54B572151ABAA67C0062D43C /* 壁纸2.jpg */; };
		54B572391ABAA67C0062D43C /* 壁纸3.jpg in Resources */ = {isa = PBXBuildFile; fileRef = 54B572161ABAA67C0062D43C /* 壁纸3.jpg */; };
		54B5723A1ABAA67C0062D43C /* 壁纸4.jpg in Resources */ = {isa = PBXBuildFile; fileRef = 54B572171ABAA67C0062D43C /* 壁纸4.jpg */; };
		54B5723B1ABAA67C0062D43C /* 未标题-4.png in Resources */ = {isa = PBXBuildFile; fileRef = 54B572181ABAA67C0062D43C /* 未标题-4.png */; };
		54B5723C1ABAA67C0062D43C /* common_loading_anne_0@2x.png in Resources */ = {isa = PBXBuildFile; fileRef = 54B572191ABAA67C0062D43C /* common_loading_anne_0@2x.png */; };
		54B5723D1ABAA67C0062D43C /* common_loading_anne_1@2x.png in Resources */ = {isa = PBXBuildFile; fileRef = 54B5721A1ABAA67C0062D43C /* common_loading_anne_1@2x.png */; };
		54B5723E1ABAA67C0062D43C /* list_news_tab_image_background@2x.png in Resources */ = {isa = PBXBuildFile; fileRef = 54B5721B1ABAA67C0062D43C /* list_news_tab_image_background@2x.png */; };
		54B5723F1ABAA67C0062D43C /* list_news_tab_image_select@2x.png in Resources */ = {isa = PBXBuildFile; fileRef = 54B5721C1ABAA67C0062D43C /* list_news_tab_image_select@2x.png */; };
		54B572401ABAA67C0062D43C /* list_news_top_arrow_normal@2x.png in Resources */ = {isa = PBXBuildFile; fileRef = 54B5721D1ABAA67C0062D43C /* list_news_top_arrow_normal@2x.png */; };
		54B572411ABAA67C0062D43C /* list_news_top_arrow_press@2x.png in Resources */ = {isa = PBXBuildFile; fileRef = 54B5721E1ABAA67C0062D43C /* list_news_top_arrow_press@2x.png */; };
		54B572421ABAA67C0062D43C /* loading_teemo_1.png in Resources */ = {isa = PBXBuildFile; fileRef = 54B5721F1ABAA67C0062D43C /* loading_teemo_1.png */; };
		54B572431ABAA67C0062D43C /* loading_teemo_2.png in Resources */ = {isa = PBXBuildFile; fileRef = 54B572201ABAA67C0062D43C /* loading_teemo_2.png */; };
		54B572441ABAA67C0062D43C /* image0.png in Resources */ = {isa = PBXBuildFile; fileRef = 54B572211ABAA67C0062D43C /* image0.png */; };
		54B572451ABAA67C0062D43C /* image1.png in Resources */ = {isa = PBXBuildFile; fileRef = 54B572221ABAA67C0062D43C /* image1.png */; };
		54B572461ABAA67C0062D43C /* image2.png in Resources */ = {isa = PBXBuildFile; fileRef = 54B572231ABAA67C0062D43C /* image2.png */; };
		54B572471ABAA67C0062D43C /* image3.png in Resources */ = {isa = PBXBuildFile; fileRef = 54B572241ABAA67C0062D43C /* image3.png */; };
		54B572621ABAA7430062D43C /* MJRefreshComponent.m in Sources */ = {isa = PBXBuildFile; fileRef = 54B5724A1ABAA7430062D43C /* MJRefreshComponent.m */; };
		54B572631ABAA7430062D43C /* MJRefreshConst.m in Sources */ = {isa = PBXBuildFile; fileRef = 54B5724C1ABAA7430062D43C /* MJRefreshConst.m */; };
		54B572641ABAA7430062D43C /* MJRefreshFooter.m in Sources */ = {isa = PBXBuildFile; fileRef = 54B5724E1ABAA7430062D43C /* MJRefreshFooter.m */; };
		54B572651ABAA7430062D43C /* MJRefreshGifFooter.m in Sources */ = {isa = PBXBuildFile; fileRef = 54B572501ABAA7430062D43C /* MJRefreshGifFooter.m */; };
		54B572661ABAA7430062D43C /* MJRefreshGifHeader.m in Sources */ = {isa = PBXBuildFile; fileRef = 54B572521ABAA7430062D43C /* MJRefreshGifHeader.m */; };
		54B572671ABAA7430062D43C /* MJRefreshHeader.m in Sources */ = {isa = PBXBuildFile; fileRef = 54B572541ABAA7430062D43C /* MJRefreshHeader.m */; };
		54B572681ABAA7430062D43C /* MJRefreshLegendFooter.m in Sources */ = {isa = PBXBuildFile; fileRef = 54B572561ABAA7430062D43C /* MJRefreshLegendFooter.m */; };
		54B572691ABAA7430062D43C /* MJRefreshLegendHeader.m in Sources */ = {isa = PBXBuildFile; fileRef = 54B572581ABAA7430062D43C /* MJRefreshLegendHeader.m */; };
		54B5726A1ABAA7430062D43C /* UIScrollView+MJExtension.m in Sources */ = {isa = PBXBuildFile; fileRef = 54B5725A1ABAA7430062D43C /* UIScrollView+MJExtension.m */; };
		54B5726B1ABAA7430062D43C /* UIScrollView+MJRefresh.m in Sources */ = {isa = PBXBuildFile; fileRef = 54B5725C1ABAA7430062D43C /* UIScrollView+MJRefresh.m */; };
		54B5726C1ABAA7430062D43C /* UIView+MJExtension.m in Sources */ = {isa = PBXBuildFile; fileRef = 54B5725E1ABAA7430062D43C /* UIView+MJExtension.m */; };
		54B5726D1ABAA7430062D43C /* SMPageControl.m in Sources */ = {isa = PBXBuildFile; fileRef = 54B572601ABAA7430062D43C /* SMPageControl.m */; };
		54B5726E1ABAA7430062D43C /* MJRefresh.bundle in Resources */ = {isa = PBXBuildFile; fileRef = 54B572611ABAA7430062D43C /* MJRefresh.bundle */; };
		54B572721ABAA81B0062D43C /* ImagePlayerView.m in Sources */ = {isa = PBXBuildFile; fileRef = 54B572711ABAA81B0062D43C /* ImagePlayerView.m */; };
		54B572751ABAA8620062D43C /* ViewPagerController.m in Sources */ = {isa = PBXBuildFile; fileRef = 54B572741ABAA8620062D43C /* ViewPagerController.m */; };
		54B5728D1ABAA8C40062D43C /* MASCompositeConstraint.m in Sources */ = {isa = PBXBuildFile; fileRef = 54B572771ABAA8C40062D43C /* MASCompositeConstraint.m */; };
		54B5728E1ABAA8C40062D43C /* MASConstraint.m in Sources */ = {isa = PBXBuildFile; fileRef = 54B572791ABAA8C40062D43C /* MASConstraint.m */; };
		54B5728F1ABAA8C40062D43C /* MASConstraintMaker.m in Sources */ = {isa = PBXBuildFile; fileRef = 54B5727C1ABAA8C40062D43C /* MASConstraintMaker.m */; };
		54B572901ABAA8C40062D43C /* MASLayoutConstraint.m in Sources */ = {isa = PBXBuildFile; fileRef = 54B5727E1ABAA8C40062D43C /* MASLayoutConstraint.m */; };
		54B572911ABAA8C40062D43C /* MASViewAttribute.m in Sources */ = {isa = PBXBuildFile; fileRef = 54B572821ABAA8C40062D43C /* MASViewAttribute.m */; };
		54B572921ABAA8C40062D43C /* MASViewConstraint.m in Sources */ = {isa = PBXBuildFile; fileRef = 54B572841ABAA8C40062D43C /* MASViewConstraint.m */; };
		54B572931ABAA8C40062D43C /* NSArray+MASAdditions.m in Sources */ = {isa = PBXBuildFile; fileRef = 54B572861ABAA8C40062D43C /* NSArray+MASAdditions.m */; };
		54B572941ABAA8C40062D43C /* NSLayoutConstraint+MASDebugAdditions.m in Sources */ = {isa = PBXBuildFile; fileRef = 54B572891ABAA8C40062D43C /* NSLayoutConstraint+MASDebugAdditions.m */; };
		54B572951ABAA8C40062D43C /* View+MASAdditions.m in Sources */ = {isa = PBXBuildFile; fileRef = 54B5728B1ABAA8C40062D43C /* View+MASAdditions.m */; };
		54B572A91ABAAAEF0062D43C /* tab_bar_selected2@2x.png in Resources */ = {isa = PBXBuildFile; fileRef = 54B572971ABAAAEF0062D43C /* tab_bar_selected2@2x.png */; };
		54B572AA1ABAAAEF0062D43C /* tab_icon_friend_press2@2x.png in Resources */ = {isa = PBXBuildFile; fileRef = 54B572981ABAAAEF0062D43C /* tab_icon_friend_press2@2x.png */; };
		54B572AB1ABAAAEF0062D43C /* tab_icon_more_press2@2x.png in Resources */ = {isa = PBXBuildFile; fileRef = 54B572991ABAAAEF0062D43C /* tab_icon_more_press2@2x.png */; };
		54B572AC1ABAAAEF0062D43C /* tab_icon_news_press2@2x.png in Resources */ = {isa = PBXBuildFile; fileRef = 54B5729A1ABAAAEF0062D43C /* tab_icon_news_press2@2x.png */; };
		54B572AD1ABAAAEF0062D43C /* tab_icon_quiz_press2@2x.png in Resources */ = {isa = PBXBuildFile; fileRef = 54B5729B1ABAAAEF0062D43C /* tab_icon_quiz_press2@2x.png */; };
		54B572AE1ABAAAEF0062D43C /* tab_bar_bkg_2@2x.png in Resources */ = {isa = PBXBuildFile; fileRef = 54B5729C1ABAAAEF0062D43C /* tab_bar_bkg_2@2x.png */; };
		54B572AF1ABAAAEF0062D43C /* tab_bar_bkg@2x.png in Resources */ = {isa = PBXBuildFile; fileRef = 54B5729D1ABAAAEF0062D43C /* tab_bar_bkg@2x.png */; };
		54B572B01ABAAAEF0062D43C /* tab_bar_selected@2x.png in Resources */ = {isa = PBXBuildFile; fileRef = 54B5729E1ABAAAEF0062D43C /* tab_bar_selected@2x.png */; };
		54B572B11ABAAAEF0062D43C /* tab_icon_friend_normal@2x.png in Resources */ = {isa = PBXBuildFile; fileRef = 54B5729F1ABAAAEF0062D43C /* tab_icon_friend_normal@2x.png */; };
		54B572B21ABAAAEF0062D43C /* tab_icon_friend_press_for_sex_plus@3x.png in Resources */ = {isa = PBXBuildFile; fileRef = 54B572A01ABAAAEF0062D43C /* tab_icon_friend_press_for_sex_plus@3x.png */; };
		54B572B31ABAAAEF0062D43C /* tab_icon_friend_press@2x.png in Resources */ = {isa = PBXBuildFile; fileRef = 54B572A11ABAAAEF0062D43C /* tab_icon_friend_press@2x.png */; };
		54B572B41ABAAAEF0062D43C /* tab_icon_more_normal@2x.png in Resources */ = {isa = PBXBuildFile; fileRef = 54B572A21ABAAAEF0062D43C /* tab_icon_more_normal@2x.png */; };
		54B572B51ABAAAEF0062D43C /* tab_icon_more_press_for_sex_plus@3x.png in Resources */ = {isa = PBXBuildFile; fileRef = 54B572A31ABAAAEF0062D43C /* tab_icon_more_press_for_sex_plus@3x.png */; };
		54B572B61ABAAAEF0062D43C /* tab_icon_more_press@2x.png in Resources */ = {isa = PBXBuildFile; fileRef = 54B572A41ABAAAEF0062D43C /* tab_icon_more_press@2x.png */; };
		54B572B71ABAAAEF0062D43C /* tab_icon_news_normal@2x.png in Resources */ = {isa = PBXBuildFile; fileRef = 54B572A51ABAAAEF0062D43C /* tab_icon_news_normal@2x.png */; };
		54B572B81ABAAAEF0062D43C /* tab_icon_news_press_for_sex_plus@3x.png in Resources */ = {isa = PBXBuildFile; fileRef = 54B572A61ABAAAEF0062D43C /* tab_icon_news_press_for_sex_plus@3x.png */; };
		54B572B91ABAAAEF0062D43C /* tab_icon_news_press@2x.png in Resources */ = {isa = PBXBuildFile; fileRef = 54B572A71ABAAAEF0062D43C /* tab_icon_news_press@2x.png */; };
		54B572BA1ABAAAEF0062D43C /* tab_icon_quiz_normal@2x.png in Resources */ = {isa = PBXBuildFile; fileRef = 54B572A81ABAAAEF0062D43C /* tab_icon_quiz_normal@2x.png */; };
		54C6C05E1AB4241700C82958 /* NewsTableViewController.m in Sources */ = {isa = PBXBuildFile; fileRef = 54C6C05D1AB4241700C82958 /* NewsTableViewController.m */; };
		54CD088A1A6FADA1002BBB8A /* main.m in Sources */ = {isa = PBXBuildFile; fileRef = 54CD08891A6FADA1002BBB8A /* main.m */; };
		54CD088D1A6FADA1002BBB8A /* AppDelegate.m in Sources */ = {isa = PBXBuildFile; fileRef = 54CD088C1A6FADA1002BBB8A /* AppDelegate.m */; };
		54CD08931A6FADA1002BBB8A /* Main.storyboard in Resources */ = {isa = PBXBuildFile; fileRef = 54CD08911A6FADA1002BBB8A /* Main.storyboard */; };
		54CD08951A6FADA1002BBB8A /* Images.xcassets in Resources */ = {isa = PBXBuildFile; fileRef = 54CD08941A6FADA1002BBB8A /* Images.xcassets */; };
		54CD08981A6FADA1002BBB8A /* LaunchScreen.xib in Resources */ = {isa = PBXBuildFile; fileRef = 54CD08961A6FADA1002BBB8A /* LaunchScreen.xib */; };
		54CD08A41A6FADA1002BBB8A /* LOLDemoTests.m in Sources */ = {isa = PBXBuildFile; fileRef = 54CD08A31A6FADA1002BBB8A /* LOLDemoTests.m */; };
/* End PBXBuildFile section */

/* Begin PBXContainerItemProxy section */
		54CD089E1A6FADA1002BBB8A /* PBXContainerItemProxy */ = {
			isa = PBXContainerItemProxy;
			containerPortal = 54CD087C1A6FADA0002BBB8A /* Project object */;
			proxyType = 1;
			remoteGlobalIDString = 54CD08831A6FADA0002BBB8A;
			remoteInfo = LOLDemo;
		};
/* End PBXContainerItemProxy section */

/* Begin PBXFileReference section */
		542A858C1A8CADCF00DC0E19 /* contentsViewController.xib */ = {isa = PBXFileReference; fileEncoding = 4; lastKnownFileType = file.xib; name = contentsViewController.xib; path = LOLDemo/contentsViewController.xib; sourceTree = "<group>"; };
		5437B93C1ABADF6B00560821 /* MySelfDataForLOLDemoViewController.h */ = {isa = PBXFileReference; fileEncoding = 4; lastKnownFileType = sourcecode.c.h; name = MySelfDataForLOLDemoViewController.h; path = LOLDemo/MySelfDataForLOLDemoViewController.h; sourceTree = "<group>"; };
		5437B93D1ABADF6B00560821 /* MySelfDataForLOLDemoViewController.m */ = {isa = PBXFileReference; fileEncoding = 4; lastKnownFileType = sourcecode.c.objc; name = MySelfDataForLOLDemoViewController.m; path = LOLDemo/MySelfDataForLOLDemoViewController.m; sourceTree = "<group>"; };
		5437B93F1ABAE00E00560821 /* default_dark_region_icon.png */ = {isa = PBXFileReference; lastKnownFileType = image.png; name = default_dark_region_icon.png; path = images/MySelfDataImages/default_dark_region_icon.png; sourceTree = "<group>"; };
		5437B9401ABAE00E00560821 /* set_btn_normal.png */ = {isa = PBXFileReference; lastKnownFileType = image.png; name = set_btn_normal.png; path = images/MySelfDataImages/set_btn_normal.png; sourceTree = "<group>"; };
		5437B9411ABAE00E00560821 /* set_btn_press.png */ = {isa = PBXFileReference; lastKnownFileType = image.png; name = set_btn_press.png; path = images/MySelfDataImages/set_btn_press.png; sourceTree = "<group>"; };
		5437B9421ABAE00E00560821 /* default_head@2x.png */ = {isa = PBXFileReference; lastKnownFileType = image.png; name = "default_head@2x.png"; path = "images/MySelfDataImages/default_head@2x.png"; sourceTree = "<group>"; };
		5437B9431ABAE00E00560821 /* default_personal_bg@2x.png */ = {isa = PBXFileReference; lastKnownFileType = image.png; name = "default_personal_bg@2x.png"; path = "images/MySelfDataImages/default_personal_bg@2x.png"; sourceTree = "<group>"; };
		5437B9441ABAE00E00560821 /* default_user_head@2x.png */ = {isa = PBXFileReference; lastKnownFileType = image.png; name = "default_user_head@2x.png"; path = "images/MySelfDataImages/default_user_head@2x.png"; sourceTree = "<group>"; };
		5437B9451ABAE00E00560821 /* first_win_calendar_arrow@2x.png */ = {isa = PBXFileReference; lastKnownFileType = image.png; name = "first_win_calendar_arrow@2x.png"; path = "images/MySelfDataImages/first_win_calendar_arrow@2x.png"; sourceTree = "<group>"; };
		5437B9461ABAE00E00560821 /* first_win_calendar_btn_normal@2x.png */ = {isa = PBXFileReference; lastKnownFileType = image.png; name = "first_win_calendar_btn_normal@2x.png"; path = "images/MySelfDataImages/first_win_calendar_btn_normal@2x.png"; sourceTree = "<group>"; };
		5437B9471ABAE00E00560821 /* first_win_calendar_btn_press@2x.png */ = {isa = PBXFileReference; lastKnownFileType = image.png; name = "first_win_calendar_btn_press@2x.png"; path = "images/MySelfDataImages/first_win_calendar_btn_press@2x.png"; sourceTree = "<group>"; };
		5437B9481ABAE00E00560821 /* friend_header_down@2x.png */ = {isa = PBXFileReference; lastKnownFileType = image.png; name = "friend_header_down@2x.png"; path = "images/MySelfDataImages/friend_header_down@2x.png"; sourceTree = "<group>"; };
		5437B9491ABAE00E00560821 /* friend_sex_female@2x.png */ = {isa = PBXFileReference; lastKnownFileType = image.png; name = "friend_sex_female@2x.png"; path = "images/MySelfDataImages/friend_sex_female@2x.png"; sourceTree = "<group>"; };
		5437B94A1ABAE00E00560821 /* friend_sex_male@2x.png */ = {isa = PBXFileReference; lastKnownFileType = image.png; name = "friend_sex_male@2x.png"; path = "images/MySelfDataImages/friend_sex_male@2x.png"; sourceTree = "<group>"; };
		5437B94B1ABAE00E00560821 /* friend_state_offline@2x.png */ = {isa = PBXFileReference; lastKnownFileType = image.png; name = "friend_state_offline@2x.png"; path = "images/MySelfDataImages/friend_state_offline@2x.png"; sourceTree = "<group>"; };
		5437B94C1ABAE00E00560821 /* person_card_share_press@2x.png */ = {isa = PBXFileReference; lastKnownFileType = image.png; name = "person_card_share_press@2x.png"; path = "images/MySelfDataImages/person_card_share_press@2x.png"; sourceTree = "<group>"; };
		5437B94D1ABAE00E00560821 /* player_card_arrow_normal@2x.png */ = {isa = PBXFileReference; lastKnownFileType = image.png; name = "player_card_arrow_normal@2x.png"; path = "images/MySelfDataImages/player_card_arrow_normal@2x.png"; sourceTree = "<group>"; };
		5437B94E1ABAE00E00560821 /* player_card_arrow_press@2x.png */ = {isa = PBXFileReference; lastKnownFileType = image.png; name = "player_card_arrow_press@2x.png"; path = "images/MySelfDataImages/player_card_arrow_press@2x.png"; sourceTree = "<group>"; };
		5437B94F1ABAE00E00560821 /* player_position_edit@2x.png */ = {isa = PBXFileReference; lastKnownFileType = image.png; name = "player_position_edit@2x.png"; path = "images/MySelfDataImages/player_position_edit@2x.png"; sourceTree = "<group>"; };
		5437B9501ABAE00E00560821 /* quiz_progress_bg@2x.png */ = {isa = PBXFileReference; lastKnownFileType = image.png; name = "quiz_progress_bg@2x.png"; path = "images/MySelfDataImages/quiz_progress_bg@2x.png"; sourceTree = "<group>"; };
		5437B9511ABAE00E00560821 /* quiz_seperate_line@2x.png */ = {isa = PBXFileReference; lastKnownFileType = image.png; name = "quiz_seperate_line@2x.png"; path = "images/MySelfDataImages/quiz_seperate_line@2x.png"; sourceTree = "<group>"; };
		5437B9521ABAE00E00560821 /* share_normal@2x.png */ = {isa = PBXFileReference; lastKnownFileType = image.png; name = "share_normal@2x.png"; path = "images/MySelfDataImages/share_normal@2x.png"; sourceTree = "<group>"; };
		5437B9531ABAE00E00560821 /* share_pressed@2x.png */ = {isa = PBXFileReference; lastKnownFileType = image.png; name = "share_pressed@2x.png"; path = "images/MySelfDataImages/share_pressed@2x.png"; sourceTree = "<group>"; };
		5437B9541ABAE00E00560821 /* stage_0@2x.png */ = {isa = PBXFileReference; lastKnownFileType = image.png; name = "stage_0@2x.png"; path = "images/MySelfDataImages/stage_0@2x.png"; sourceTree = "<group>"; };
		5437B96C1ABB00FF00560821 /* NewsAndImagePlayerViewController.h */ = {isa = PBXFileReference; fileEncoding = 4; lastKnownFileType = sourcecode.c.h; name = NewsAndImagePlayerViewController.h; path = LOLDemo/NewsAndImagePlayerViewController.h; sourceTree = "<group>"; };
		5437B96D1ABB00FF00560821 /* NewsAndImagePlayerViewController.m */ = {isa = PBXFileReference; fileEncoding = 4; lastKnownFileType = sourcecode.c.objc; name = NewsAndImagePlayerViewController.m; path = LOLDemo/NewsAndImagePlayerViewController.m; sourceTree = "<group>"; };
		5437B96F1ABB16CE00560821 /* TopTabViewController.h */ = {isa = PBXFileReference; fileEncoding = 4; lastKnownFileType = sourcecode.c.h; name = TopTabViewController.h; path = LOLDemo/TopTabViewController.h; sourceTree = "<group>"; };
		5437B9701ABB16CE00560821 /* TopTabViewController.m */ = {isa = PBXFileReference; fileEncoding = 4; lastKnownFileType = sourcecode.c.objc; name = TopTabViewController.m; path = LOLDemo/TopTabViewController.m; sourceTree = "<group>"; };
		54B572021ABAA67C0062D43C /* 下拉刷新动画（改）.gif */ = {isa = PBXFileReference; lastKnownFileType = image.gif; name = "下拉刷新动画（改）.gif"; path = "images/NewsImages/下拉刷新动画（改）.gif"; sourceTree = "<group>"; };
		54B572031ABAA67C0062D43C /* loading_teemo_1副本.png */ = {isa = PBXFileReference; lastKnownFileType = image.png; name = "loading_teemo_1副本.png"; path = "images/NewsImages/loading_teemo_1副本.png"; sourceTree = "<group>"; };
		54B572041ABAA67C0062D43C /* loading_teemo_2副本.png */ = {isa = PBXFileReference; lastKnownFileType = image.png; name = "loading_teemo_2副本.png"; path = "images/NewsImages/loading_teemo_2副本.png"; sourceTree = "<group>"; };
		54B572051ABAA67C0062D43C /* LOL1.jpg */ = {isa = PBXFileReference; lastKnownFileType = image.jpeg; name = LOL1.jpg; path = images/NewsImages/LOL1.jpg; sourceTree = "<group>"; };
		54B572061ABAA67C0062D43C /* LOL2.jpg */ = {isa = PBXFileReference; lastKnownFileType = image.jpeg; name = LOL2.jpg; path = images/NewsImages/LOL2.jpg; sourceTree = "<group>"; };
		54B572071ABAA67C0062D43C /* LOL3.jpg */ = {isa = PBXFileReference; lastKnownFileType = image.jpeg; name = LOL3.jpg; path = images/NewsImages/LOL3.jpg; sourceTree = "<group>"; };
		54B572081ABAA67C0062D43C /* LOL4.jpg */ = {isa = PBXFileReference; lastKnownFileType = image.jpeg; name = LOL4.jpg; path = images/NewsImages/LOL4.jpg; sourceTree = "<group>"; };
		54B572091ABAA67C0062D43C /* LOL5.jpg */ = {isa = PBXFileReference; lastKnownFileType = image.jpeg; name = LOL5.jpg; path = images/NewsImages/LOL5.jpg; sourceTree = "<group>"; };
		54B5720A1ABAA67C0062D43C /* LOL6.jpg */ = {isa = PBXFileReference; lastKnownFileType = image.jpeg; name = LOL6.jpg; path = images/NewsImages/LOL6.jpg; sourceTree = "<group>"; };
		54B5720B1ABAA67C0062D43C /* LOL7.jpg */ = {isa = PBXFileReference; lastKnownFileType = image.jpeg; name = LOL7.jpg; path = images/NewsImages/LOL7.jpg; sourceTree = "<group>"; };
		54B5720C1ABAA67C0062D43C /* LOL8.jpg */ = {isa = PBXFileReference; lastKnownFileType = image.jpeg; name = LOL8.jpg; path = images/NewsImages/LOL8.jpg; sourceTree = "<group>"; };
		54B5720D1ABAA67C0062D43C /* LOL9.jpg */ = {isa = PBXFileReference; lastKnownFileType = image.jpeg; name = LOL9.jpg; path = images/NewsImages/LOL9.jpg; sourceTree = "<group>"; };
		54B5720E1ABAA67C0062D43C /* LOL10.jpg */ = {isa = PBXFileReference; lastKnownFileType = image.jpeg; name = LOL10.jpg; path = images/NewsImages/LOL10.jpg; sourceTree = "<group>"; };
		54B5720F1ABAA67C0062D43C /* LOL11.jpg */ = {isa = PBXFileReference; lastKnownFileType = image.jpeg; name = LOL11.jpg; path = images/NewsImages/LOL11.jpg; sourceTree = "<group>"; };
		54B572101ABAA67C0062D43C /* LOL12.jpg */ = {isa = PBXFileReference; lastKnownFileType = image.jpeg; name = LOL12.jpg; path = images/NewsImages/LOL12.jpg; sourceTree = "<group>"; };
		54B572111ABAA67C0062D43C /* LOL13.jpg */ = {isa = PBXFileReference; lastKnownFileType = image.jpeg; name = LOL13.jpg; path = images/NewsImages/LOL13.jpg; sourceTree = "<group>"; };
		54B572121ABAA67C0062D43C /* timo(new).png */ = {isa = PBXFileReference; lastKnownFileType = image.png; name = "timo(new).png"; path = "images/NewsImages/timo(new).png"; sourceTree = "<group>"; };
		54B572131ABAA67C0062D43C /* timo(new)2.png */ = {isa = PBXFileReference; lastKnownFileType = image.png; name = "timo(new)2.png"; path = "images/NewsImages/timo(new)2.png"; sourceTree = "<group>"; };
		54B572141ABAA67C0062D43C /* 壁纸1.jpg */ = {isa = PBXFileReference; lastKnownFileType = image.jpeg; name = "壁纸1.jpg"; path = "images/NewsImages/壁纸1.jpg"; sourceTree = "<group>"; };
		54B572151ABAA67C0062D43C /* 壁纸2.jpg */ = {isa = PBXFileReference; lastKnownFileType = image.jpeg; name = "壁纸2.jpg"; path = "images/NewsImages/壁纸2.jpg"; sourceTree = "<group>"; };
		54B572161ABAA67C0062D43C /* 壁纸3.jpg */ = {isa = PBXFileReference; lastKnownFileType = image.jpeg; name = "壁纸3.jpg"; path = "images/NewsImages/壁纸3.jpg"; sourceTree = "<group>"; };
		54B572171ABAA67C0062D43C /* 壁纸4.jpg */ = {isa = PBXFileReference; lastKnownFileType = image.jpeg; name = "壁纸4.jpg"; path = "images/NewsImages/壁纸4.jpg"; sourceTree = "<group>"; };
		54B572181ABAA67C0062D43C /* 未标题-4.png */ = {isa = PBXFileReference; lastKnownFileType = image.png; name = "未标题-4.png"; path = "images/NewsImages/未标题-4.png"; sourceTree = "<group>"; };
		54B572191ABAA67C0062D43C /* common_loading_anne_0@2x.png */ = {isa = PBXFileReference; lastKnownFileType = image.png; name = "common_loading_anne_0@2x.png"; path = "images/NewsImages/common_loading_anne_0@2x.png"; sourceTree = "<group>"; };
		54B5721A1ABAA67C0062D43C /* common_loading_anne_1@2x.png */ = {isa = PBXFileReference; lastKnownFileType = image.png; name = "common_loading_anne_1@2x.png"; path = "images/NewsImages/common_loading_anne_1@2x.png"; sourceTree = "<group>"; };
		54B5721B1ABAA67C0062D43C /* list_news_tab_image_background@2x.png */ = {isa = PBXFileReference; lastKnownFileType = image.png; name = "list_news_tab_image_background@2x.png"; path = "images/NewsImages/list_news_tab_image_background@2x.png"; sourceTree = "<group>"; };
		54B5721C1ABAA67C0062D43C /* list_news_tab_image_select@2x.png */ = {isa = PBXFileReference; lastKnownFileType = image.png; name = "list_news_tab_image_select@2x.png"; path = "images/NewsImages/list_news_tab_image_select@2x.png"; sourceTree = "<group>"; };
		54B5721D1ABAA67C0062D43C /* list_news_top_arrow_normal@2x.png */ = {isa = PBXFileReference; lastKnownFileType = image.png; name = "list_news_top_arrow_normal@2x.png"; path = "images/NewsImages/list_news_top_arrow_normal@2x.png"; sourceTree = "<group>"; };
		54B5721E1ABAA67C0062D43C /* list_news_top_arrow_press@2x.png */ = {isa = PBXFileReference; lastKnownFileType = image.png; name = "list_news_top_arrow_press@2x.png"; path = "images/NewsImages/list_news_top_arrow_press@2x.png"; sourceTree = "<group>"; };
		54B5721F1ABAA67C0062D43C /* loading_teemo_1.png */ = {isa = PBXFileReference; lastKnownFileType = image.png; name = loading_teemo_1.png; path = images/NewsImages/loading_teemo_1.png; sourceTree = "<group>"; };
		54B572201ABAA67C0062D43C /* loading_teemo_2.png */ = {isa = PBXFileReference; lastKnownFileType = image.png; name = loading_teemo_2.png; path = images/NewsImages/loading_teemo_2.png; sourceTree = "<group>"; };
		54B572211ABAA67C0062D43C /* image0.png */ = {isa = PBXFileReference; lastKnownFileType = image.png; name = image0.png; path = images/NewsImages/image0.png; sourceTree = "<group>"; };
		54B572221ABAA67C0062D43C /* image1.png */ = {isa = PBXFileReference; lastKnownFileType = image.png; name = image1.png; path = images/NewsImages/image1.png; sourceTree = "<group>"; };
		54B572231ABAA67C0062D43C /* image2.png */ = {isa = PBXFileReference; lastKnownFileType = image.png; name = image2.png; path = images/NewsImages/image2.png; sourceTree = "<group>"; };
		54B572241ABAA67C0062D43C /* image3.png */ = {isa = PBXFileReference; lastKnownFileType = image.png; name = image3.png; path = images/NewsImages/image3.png; sourceTree = "<group>"; };
		54B572481ABAA7430062D43C /* MJRefresh.h */ = {isa = PBXFileReference; fileEncoding = 4; lastKnownFileType = sourcecode.c.h; name = MJRefresh.h; path = Third/MJRefresh/MJRefresh.h; sourceTree = "<group>"; };
		54B572491ABAA7430062D43C /* MJRefreshComponent.h */ = {isa = PBXFileReference; fileEncoding = 4; lastKnownFileType = sourcecode.c.h; name = MJRefreshComponent.h; path = Third/MJRefresh/MJRefreshComponent.h; sourceTree = "<group>"; };
		54B5724A1ABAA7430062D43C /* MJRefreshComponent.m */ = {isa = PBXFileReference; fileEncoding = 4; lastKnownFileType = sourcecode.c.objc; name = MJRefreshComponent.m; path = Third/MJRefresh/MJRefreshComponent.m; sourceTree = "<group>"; };
		54B5724B1ABAA7430062D43C /* MJRefreshConst.h */ = {isa = PBXFileReference; fileEncoding = 4; lastKnownFileType = sourcecode.c.h; name = MJRefreshConst.h; path = Third/MJRefresh/MJRefreshConst.h; sourceTree = "<group>"; };
		54B5724C1ABAA7430062D43C /* MJRefreshConst.m */ = {isa = PBXFileReference; fileEncoding = 4; lastKnownFileType = sourcecode.c.objc; name = MJRefreshConst.m; path = Third/MJRefresh/MJRefreshConst.m; sourceTree = "<group>"; };
		54B5724D1ABAA7430062D43C /* MJRefreshFooter.h */ = {isa = PBXFileReference; fileEncoding = 4; lastKnownFileType = sourcecode.c.h; name = MJRefreshFooter.h; path = Third/MJRefresh/MJRefreshFooter.h; sourceTree = "<group>"; };
		54B5724E1ABAA7430062D43C /* MJRefreshFooter.m */ = {isa = PBXFileReference; fileEncoding = 4; lastKnownFileType = sourcecode.c.objc; name = MJRefreshFooter.m; path = Third/MJRefresh/MJRefreshFooter.m; sourceTree = "<group>"; };
		54B5724F1ABAA7430062D43C /* MJRefreshGifFooter.h */ = {isa = PBXFileReference; fileEncoding = 4; lastKnownFileType = sourcecode.c.h; name = MJRefreshGifFooter.h; path = Third/MJRefresh/MJRefreshGifFooter.h; sourceTree = "<group>"; };
		54B572501ABAA7430062D43C /* MJRefreshGifFooter.m */ = {isa = PBXFileReference; fileEncoding = 4; lastKnownFileType = sourcecode.c.objc; name = MJRefreshGifFooter.m; path = Third/MJRefresh/MJRefreshGifFooter.m; sourceTree = "<group>"; };
		54B572511ABAA7430062D43C /* MJRefreshGifHeader.h */ = {isa = PBXFileReference; fileEncoding = 4; lastKnownFileType = sourcecode.c.h; name = MJRefreshGifHeader.h; path = Third/MJRefresh/MJRefreshGifHeader.h; sourceTree = "<group>"; };
		54B572521ABAA7430062D43C /* MJRefreshGifHeader.m */ = {isa = PBXFileReference; fileEncoding = 4; lastKnownFileType = sourcecode.c.objc; name = MJRefreshGifHeader.m; path = Third/MJRefresh/MJRefreshGifHeader.m; sourceTree = "<group>"; };
		54B572531ABAA7430062D43C /* MJRefreshHeader.h */ = {isa = PBXFileReference; fileEncoding = 4; lastKnownFileType = sourcecode.c.h; name = MJRefreshHeader.h; path = Third/MJRefresh/MJRefreshHeader.h; sourceTree = "<group>"; };
		54B572541ABAA7430062D43C /* MJRefreshHeader.m */ = {isa = PBXFileReference; fileEncoding = 4; lastKnownFileType = sourcecode.c.objc; name = MJRefreshHeader.m; path = Third/MJRefresh/MJRefreshHeader.m; sourceTree = "<group>"; };
		54B572551ABAA7430062D43C /* MJRefreshLegendFooter.h */ = {isa = PBXFileReference; fileEncoding = 4; lastKnownFileType = sourcecode.c.h; name = MJRefreshLegendFooter.h; path = Third/MJRefresh/MJRefreshLegendFooter.h; sourceTree = "<group>"; };
		54B572561ABAA7430062D43C /* MJRefreshLegendFooter.m */ = {isa = PBXFileReference; fileEncoding = 4; lastKnownFileType = sourcecode.c.objc; name = MJRefreshLegendFooter.m; path = Third/MJRefresh/MJRefreshLegendFooter.m; sourceTree = "<group>"; };
		54B572571ABAA7430062D43C /* MJRefreshLegendHeader.h */ = {isa = PBXFileReference; fileEncoding = 4; lastKnownFileType = sourcecode.c.h; name = MJRefreshLegendHeader.h; path = Third/MJRefresh/MJRefreshLegendHeader.h; sourceTree = "<group>"; };
		54B572581ABAA7430062D43C /* MJRefreshLegendHeader.m */ = {isa = PBXFileReference; fileEncoding = 4; lastKnownFileType = sourcecode.c.objc; name = MJRefreshLegendHeader.m; path = Third/MJRefresh/MJRefreshLegendHeader.m; sourceTree = "<group>"; };
		54B572591ABAA7430062D43C /* UIScrollView+MJExtension.h */ = {isa = PBXFileReference; fileEncoding = 4; lastKnownFileType = sourcecode.c.h; name = "UIScrollView+MJExtension.h"; path = "Third/MJRefresh/UIScrollView+MJExtension.h"; sourceTree = "<group>"; };
		54B5725A1ABAA7430062D43C /* UIScrollView+MJExtension.m */ = {isa = PBXFileReference; fileEncoding = 4; lastKnownFileType = sourcecode.c.objc; name = "UIScrollView+MJExtension.m"; path = "Third/MJRefresh/UIScrollView+MJExtension.m"; sourceTree = "<group>"; };
		54B5725B1ABAA7430062D43C /* UIScrollView+MJRefresh.h */ = {isa = PBXFileReference; fileEncoding = 4; lastKnownFileType = sourcecode.c.h; name = "UIScrollView+MJRefresh.h"; path = "Third/MJRefresh/UIScrollView+MJRefresh.h"; sourceTree = "<group>"; };
		54B5725C1ABAA7430062D43C /* UIScrollView+MJRefresh.m */ = {isa = PBXFileReference; fileEncoding = 4; lastKnownFileType = sourcecode.c.objc; name = "UIScrollView+MJRefresh.m"; path = "Third/MJRefresh/UIScrollView+MJRefresh.m"; sourceTree = "<group>"; };
		54B5725D1ABAA7430062D43C /* UIView+MJExtension.h */ = {isa = PBXFileReference; fileEncoding = 4; lastKnownFileType = sourcecode.c.h; name = "UIView+MJExtension.h"; path = "Third/MJRefresh/UIView+MJExtension.h"; sourceTree = "<group>"; };
		54B5725E1ABAA7430062D43C /* UIView+MJExtension.m */ = {isa = PBXFileReference; fileEncoding = 4; lastKnownFileType = sourcecode.c.objc; name = "UIView+MJExtension.m"; path = "Third/MJRefresh/UIView+MJExtension.m"; sourceTree = "<group>"; };
		54B5725F1ABAA7430062D43C /* SMPageControl.h */ = {isa = PBXFileReference; fileEncoding = 4; lastKnownFileType = sourcecode.c.h; name = SMPageControl.h; path = Third/MJRefresh/SMPageControl.h; sourceTree = "<group>"; };
		54B572601ABAA7430062D43C /* SMPageControl.m */ = {isa = PBXFileReference; fileEncoding = 4; lastKnownFileType = sourcecode.c.objc; name = SMPageControl.m; path = Third/MJRefresh/SMPageControl.m; sourceTree = "<group>"; };
		54B572611ABAA7430062D43C /* MJRefresh.bundle */ = {isa = PBXFileReference; lastKnownFileType = "wrapper.plug-in"; name = MJRefresh.bundle; path = Third/MJRefresh/MJRefresh.bundle; sourceTree = "<group>"; };
		54B5726F1ABAA81B0062D43C /* ImagePlayerView-Prefix.pch */ = {isa = PBXFileReference; fileEncoding = 4; lastKnownFileType = sourcecode.c.h; name = "ImagePlayerView-Prefix.pch"; path = "Third/ImagePlayerView/ImagePlayerView-Prefix.pch"; sourceTree = SOURCE_ROOT; };
		54B572701ABAA81B0062D43C /* ImagePlayerView.h */ = {isa = PBXFileReference; fileEncoding = 4; lastKnownFileType = sourcecode.c.h; name = ImagePlayerView.h; path = Third/ImagePlayerView/ImagePlayerView.h; sourceTree = SOURCE_ROOT; };
		54B572711ABAA81B0062D43C /* ImagePlayerView.m */ = {isa = PBXFileReference; fileEncoding = 4; lastKnownFileType = sourcecode.c.objc; name = ImagePlayerView.m; path = Third/ImagePlayerView/ImagePlayerView.m; sourceTree = SOURCE_ROOT; };
		54B572731ABAA8620062D43C /* ViewPagerController.h */ = {isa = PBXFileReference; fileEncoding = 4; lastKnownFileType = sourcecode.c.h; name = ViewPagerController.h; path = Third/ICViewPager/ViewPagerController.h; sourceTree = SOURCE_ROOT; };
		54B572741ABAA8620062D43C /* ViewPagerController.m */ = {isa = PBXFileReference; fileEncoding = 4; lastKnownFileType = sourcecode.c.objc; name = ViewPagerController.m; path = Third/ICViewPager/ViewPagerController.m; sourceTree = SOURCE_ROOT; };
		54B572761ABAA8C40062D43C /* MASCompositeConstraint.h */ = {isa = PBXFileReference; fileEncoding = 4; lastKnownFileType = sourcecode.c.h; name = MASCompositeConstraint.h; path = Third/Masonry/MASCompositeConstraint.h; sourceTree = SOURCE_ROOT; };
		54B572771ABAA8C40062D43C /* MASCompositeConstraint.m */ = {isa = PBXFileReference; fileEncoding = 4; lastKnownFileType = sourcecode.c.objc; name = MASCompositeConstraint.m; path = Third/Masonry/MASCompositeConstraint.m; sourceTree = SOURCE_ROOT; };
		54B572781ABAA8C40062D43C /* MASConstraint.h */ = {isa = PBXFileReference; fileEncoding = 4; lastKnownFileType = sourcecode.c.h; name = MASConstraint.h; path = Third/Masonry/MASConstraint.h; sourceTree = SOURCE_ROOT; };
		54B572791ABAA8C40062D43C /* MASConstraint.m */ = {isa = PBXFileReference; fileEncoding = 4; lastKnownFileType = sourcecode.c.objc; name = MASConstraint.m; path = Third/Masonry/MASConstraint.m; sourceTree = SOURCE_ROOT; };
		54B5727A1ABAA8C40062D43C /* MASConstraint+Private.h */ = {isa = PBXFileReference; fileEncoding = 4; lastKnownFileType = sourcecode.c.h; name = "MASConstraint+Private.h"; path = "Third/Masonry/MASConstraint+Private.h"; sourceTree = SOURCE_ROOT; };
		54B5727B1ABAA8C40062D43C /* MASConstraintMaker.h */ = {isa = PBXFileReference; fileEncoding = 4; lastKnownFileType = sourcecode.c.h; name = MASConstraintMaker.h; path = Third/Masonry/MASConstraintMaker.h; sourceTree = SOURCE_ROOT; };
		54B5727C1ABAA8C40062D43C /* MASConstraintMaker.m */ = {isa = PBXFileReference; fileEncoding = 4; lastKnownFileType = sourcecode.c.objc; name = MASConstraintMaker.m; path = Third/Masonry/MASConstraintMaker.m; sourceTree = SOURCE_ROOT; };
		54B5727D1ABAA8C40062D43C /* MASLayoutConstraint.h */ = {isa = PBXFileReference; fileEncoding = 4; lastKnownFileType = sourcecode.c.h; name = MASLayoutConstraint.h; path = Third/Masonry/MASLayoutConstraint.h; sourceTree = SOURCE_ROOT; };
		54B5727E1ABAA8C40062D43C /* MASLayoutConstraint.m */ = {isa = PBXFileReference; fileEncoding = 4; lastKnownFileType = sourcecode.c.objc; name = MASLayoutConstraint.m; path = Third/Masonry/MASLayoutConstraint.m; sourceTree = SOURCE_ROOT; };
		54B5727F1ABAA8C40062D43C /* Masonry.h */ = {isa = PBXFileReference; fileEncoding = 4; lastKnownFileType = sourcecode.c.h; name = Masonry.h; path = Third/Masonry/Masonry.h; sourceTree = SOURCE_ROOT; };
		54B572801ABAA8C40062D43C /* MASUtilities.h */ = {isa = PBXFileReference; fileEncoding = 4; lastKnownFileType = sourcecode.c.h; name = MASUtilities.h; path = Third/Masonry/MASUtilities.h; sourceTree = SOURCE_ROOT; };
		54B572811ABAA8C40062D43C /* MASViewAttribute.h */ = {isa = PBXFileReference; fileEncoding = 4; lastKnownFileType = sourcecode.c.h; name = MASViewAttribute.h; path = Third/Masonry/MASViewAttribute.h; sourceTree = SOURCE_ROOT; };
		54B572821ABAA8C40062D43C /* MASViewAttribute.m */ = {isa = PBXFileReference; fileEncoding = 4; lastKnownFileType = sourcecode.c.objc; name = MASViewAttribute.m; path = Third/Masonry/MASViewAttribute.m; sourceTree = SOURCE_ROOT; };
		54B572831ABAA8C40062D43C /* MASViewConstraint.h */ = {isa = PBXFileReference; fileEncoding = 4; lastKnownFileType = sourcecode.c.h; name = MASViewConstraint.h; path = Third/Masonry/MASViewConstraint.h; sourceTree = SOURCE_ROOT; };
		54B572841ABAA8C40062D43C /* MASViewConstraint.m */ = {isa = PBXFileReference; fileEncoding = 4; lastKnownFileType = sourcecode.c.objc; name = MASViewConstraint.m; path = Third/Masonry/MASViewConstraint.m; sourceTree = SOURCE_ROOT; };
		54B572851ABAA8C40062D43C /* NSArray+MASAdditions.h */ = {isa = PBXFileReference; fileEncoding = 4; lastKnownFileType = sourcecode.c.h; name = "NSArray+MASAdditions.h"; path = "Third/Masonry/NSArray+MASAdditions.h"; sourceTree = SOURCE_ROOT; };
		54B572861ABAA8C40062D43C /* NSArray+MASAdditions.m */ = {isa = PBXFileReference; fileEncoding = 4; lastKnownFileType = sourcecode.c.objc; name = "NSArray+MASAdditions.m"; path = "Third/Masonry/NSArray+MASAdditions.m"; sourceTree = SOURCE_ROOT; };
		54B572871ABAA8C40062D43C /* NSArray+MASShorthandAdditions.h */ = {isa = PBXFileReference; fileEncoding = 4; lastKnownFileType = sourcecode.c.h; name = "NSArray+MASShorthandAdditions.h"; path = "Third/Masonry/NSArray+MASShorthandAdditions.h"; sourceTree = SOURCE_ROOT; };
		54B572881ABAA8C40062D43C /* NSLayoutConstraint+MASDebugAdditions.h */ = {isa = PBXFileReference; fileEncoding = 4; lastKnownFileType = sourcecode.c.h; name = "NSLayoutConstraint+MASDebugAdditions.h"; path = "Third/Masonry/NSLayoutConstraint+MASDebugAdditions.h"; sourceTree = SOURCE_ROOT; };
		54B572891ABAA8C40062D43C /* NSLayoutConstraint+MASDebugAdditions.m */ = {isa = PBXFileReference; fileEncoding = 4; lastKnownFileType = sourcecode.c.objc; name = "NSLayoutConstraint+MASDebugAdditions.m"; path = "Third/Masonry/NSLayoutConstraint+MASDebugAdditions.m"; sourceTree = SOURCE_ROOT; };
		54B5728A1ABAA8C40062D43C /* View+MASAdditions.h */ = {isa = PBXFileReference; fileEncoding = 4; lastKnownFileType = sourcecode.c.h; name = "View+MASAdditions.h"; path = "Third/Masonry/View+MASAdditions.h"; sourceTree = SOURCE_ROOT; };
		54B5728B1ABAA8C40062D43C /* View+MASAdditions.m */ = {isa = PBXFileReference; fileEncoding = 4; lastKnownFileType = sourcecode.c.objc; name = "View+MASAdditions.m"; path = "Third/Masonry/View+MASAdditions.m"; sourceTree = SOURCE_ROOT; };
		54B5728C1ABAA8C40062D43C /* View+MASShorthandAdditions.h */ = {isa = PBXFileReference; fileEncoding = 4; lastKnownFileType = sourcecode.c.h; name = "View+MASShorthandAdditions.h"; path = "Third/Masonry/View+MASShorthandAdditions.h"; sourceTree = SOURCE_ROOT; };
		54B572971ABAAAEF0062D43C /* tab_bar_selected2@2x.png */ = {isa = PBXFileReference; lastKnownFileType = image.png; name = "tab_bar_selected2@2x.png"; path = "images/TabBarImages/tab_bar_selected2@2x.png"; sourceTree = "<group>"; };
		54B572981ABAAAEF0062D43C /* tab_icon_friend_press2@2x.png */ = {isa = PBXFileReference; lastKnownFileType = image.png; name = "tab_icon_friend_press2@2x.png"; path = "images/TabBarImages/tab_icon_friend_press2@2x.png"; sourceTree = "<group>"; };
		54B572991ABAAAEF0062D43C /* tab_icon_more_press2@2x.png */ = {isa = PBXFileReference; lastKnownFileType = image.png; name = "tab_icon_more_press2@2x.png"; path = "images/TabBarImages/tab_icon_more_press2@2x.png"; sourceTree = "<group>"; };
		54B5729A1ABAAAEF0062D43C /* tab_icon_news_press2@2x.png */ = {isa = PBXFileReference; lastKnownFileType = image.png; name = "tab_icon_news_press2@2x.png"; path = "images/TabBarImages/tab_icon_news_press2@2x.png"; sourceTree = "<group>"; };
		54B5729B1ABAAAEF0062D43C /* tab_icon_quiz_press2@2x.png */ = {isa = PBXFileReference; lastKnownFileType = image.png; name = "tab_icon_quiz_press2@2x.png"; path = "images/TabBarImages/tab_icon_quiz_press2@2x.png"; sourceTree = "<group>"; };
		54B5729C1ABAAAEF0062D43C /* tab_bar_bkg_2@2x.png */ = {isa = PBXFileReference; lastKnownFileType = image.png; name = "tab_bar_bkg_2@2x.png"; path = "images/TabBarImages/tab_bar_bkg_2@2x.png"; sourceTree = "<group>"; };
		54B5729D1ABAAAEF0062D43C /* tab_bar_bkg@2x.png */ = {isa = PBXFileReference; lastKnownFileType = image.png; name = "tab_bar_bkg@2x.png"; path = "images/TabBarImages/tab_bar_bkg@2x.png"; sourceTree = "<group>"; };
		54B5729E1ABAAAEF0062D43C /* tab_bar_selected@2x.png */ = {isa = PBXFileReference; lastKnownFileType = image.png; name = "tab_bar_selected@2x.png"; path = "images/TabBarImages/tab_bar_selected@2x.png"; sourceTree = "<group>"; };
		54B5729F1ABAAAEF0062D43C /* tab_icon_friend_normal@2x.png */ = {isa = PBXFileReference; lastKnownFileType = image.png; name = "tab_icon_friend_normal@2x.png"; path = "images/TabBarImages/tab_icon_friend_normal@2x.png"; sourceTree = "<group>"; };
		54B572A01ABAAAEF0062D43C /* tab_icon_friend_press_for_sex_plus@3x.png */ = {isa = PBXFileReference; lastKnownFileType = image.png; name = "tab_icon_friend_press_for_sex_plus@3x.png"; path = "images/TabBarImages/tab_icon_friend_press_for_sex_plus@3x.png"; sourceTree = "<group>"; };
		54B572A11ABAAAEF0062D43C /* tab_icon_friend_press@2x.png */ = {isa = PBXFileReference; lastKnownFileType = image.png; name = "tab_icon_friend_press@2x.png"; path = "images/TabBarImages/tab_icon_friend_press@2x.png"; sourceTree = "<group>"; };
		54B572A21ABAAAEF0062D43C /* tab_icon_more_normal@2x.png */ = {isa = PBXFileReference; lastKnownFileType = image.png; name = "tab_icon_more_normal@2x.png"; path = "images/TabBarImages/tab_icon_more_normal@2x.png"; sourceTree = "<group>"; };
		54B572A31ABAAAEF0062D43C /* tab_icon_more_press_for_sex_plus@3x.png */ = {isa = PBXFileReference; lastKnownFileType = image.png; name = "tab_icon_more_press_for_sex_plus@3x.png"; path = "images/TabBarImages/tab_icon_more_press_for_sex_plus@3x.png"; sourceTree = "<group>"; };
		54B572A41ABAAAEF0062D43C /* tab_icon_more_press@2x.png */ = {isa = PBXFileReference; lastKnownFileType = image.png; name = "tab_icon_more_press@2x.png"; path = "images/TabBarImages/tab_icon_more_press@2x.png"; sourceTree = "<group>"; };
		54B572A51ABAAAEF0062D43C /* tab_icon_news_normal@2x.png */ = {isa = PBXFileReference; lastKnownFileType = image.png; name = "tab_icon_news_normal@2x.png"; path = "images/TabBarImages/tab_icon_news_normal@2x.png"; sourceTree = "<group>"; };
		54B572A61ABAAAEF0062D43C /* tab_icon_news_press_for_sex_plus@3x.png */ = {isa = PBXFileReference; lastKnownFileType = image.png; name = "tab_icon_news_press_for_sex_plus@3x.png"; path = "images/TabBarImages/tab_icon_news_press_for_sex_plus@3x.png"; sourceTree = "<group>"; };
		54B572A71ABAAAEF0062D43C /* tab_icon_news_press@2x.png */ = {isa = PBXFileReference; lastKnownFileType = image.png; name = "tab_icon_news_press@2x.png"; path = "images/TabBarImages/tab_icon_news_press@2x.png"; sourceTree = "<group>"; };
		54B572A81ABAAAEF0062D43C /* tab_icon_quiz_normal@2x.png */ = {isa = PBXFileReference; lastKnownFileType = image.png; name = "tab_icon_quiz_normal@2x.png"; path = "images/TabBarImages/tab_icon_quiz_normal@2x.png"; sourceTree = "<group>"; };
		54C6C05C1AB4241700C82958 /* NewsTableViewController.h */ = {isa = PBXFileReference; fileEncoding = 4; lastKnownFileType = sourcecode.c.h; name = NewsTableViewController.h; path = LOLDemo/NewsTableViewController/NewsTableViewController.h; sourceTree = "<group>"; };
		54C6C05D1AB4241700C82958 /* NewsTableViewController.m */ = {isa = PBXFileReference; fileEncoding = 4; lastKnownFileType = sourcecode.c.objc; name = NewsTableViewController.m; path = LOLDemo/NewsTableViewController/NewsTableViewController.m; sourceTree = "<group>"; };
		54CD08841A6FADA0002BBB8A /* LOLDemo.app */ = {isa = PBXFileReference; explicitFileType = wrapper.application; includeInIndex = 0; path = LOLDemo.app; sourceTree = BUILT_PRODUCTS_DIR; };
		54CD08881A6FADA1002BBB8A /* Info.plist */ = {isa = PBXFileReference; lastKnownFileType = text.plist.xml; path = Info.plist; sourceTree = "<group>"; };
		54CD08891A6FADA1002BBB8A /* main.m */ = {isa = PBXFileReference; lastKnownFileType = sourcecode.c.objc; path = main.m; sourceTree = "<group>"; };
		54CD088B1A6FADA1002BBB8A /* AppDelegate.h */ = {isa = PBXFileReference; lastKnownFileType = sourcecode.c.h; path = AppDelegate.h; sourceTree = "<group>"; };
		54CD088C1A6FADA1002BBB8A /* AppDelegate.m */ = {isa = PBXFileReference; lastKnownFileType = sourcecode.c.objc; path = AppDelegate.m; sourceTree = "<group>"; };
		54CD08921A6FADA1002BBB8A /* Base */ = {isa = PBXFileReference; lastKnownFileType = file.storyboard; name = Base; path = Base.lproj/Main.storyboard; sourceTree = "<group>"; };
		54CD08941A6FADA1002BBB8A /* Images.xcassets */ = {isa = PBXFileReference; lastKnownFileType = folder.assetcatalog; path = Images.xcassets; sourceTree = "<group>"; };
		54CD08971A6FADA1002BBB8A /* Base */ = {isa = PBXFileReference; lastKnownFileType = file.xib; name = Base; path = Base.lproj/LaunchScreen.xib; sourceTree = "<group>"; };
		54CD089D1A6FADA1002BBB8A /* LOLDemoTests.xctest */ = {isa = PBXFileReference; explicitFileType = wrapper.cfbundle; includeInIndex = 0; path = LOLDemoTests.xctest; sourceTree = BUILT_PRODUCTS_DIR; };
		54CD08A21A6FADA1002BBB8A /* Info.plist */ = {isa = PBXFileReference; lastKnownFileType = text.plist.xml; path = Info.plist; sourceTree = "<group>"; };
		54CD08A31A6FADA1002BBB8A /* LOLDemoTests.m */ = {isa = PBXFileReference; lastKnownFileType = sourcecode.c.objc; path = LOLDemoTests.m; sourceTree = "<group>"; };
/* End PBXFileReference section */

/* Begin PBXFrameworksBuildPhase section */
		54CD08811A6FADA0002BBB8A /* Frameworks */ = {
			isa = PBXFrameworksBuildPhase;
			buildActionMask = 2147483647;
			files = (
			);
			runOnlyForDeploymentPostprocessing = 0;
		};
		54CD089A1A6FADA1002BBB8A /* Frameworks */ = {
			isa = PBXFrameworksBuildPhase;
			buildActionMask = 2147483647;
			files = (
			);
			runOnlyForDeploymentPostprocessing = 0;
		};
/* End PBXFrameworksBuildPhase section */

/* Begin PBXGroup section */
		542A85891A8C5C6600DC0E19 /* controller */ = {
			isa = PBXGroup;
			children = (
				5437B96B1ABAE06800560821 /* MySelfData */,
				54C6BFF21AB421D200C82958 /* NewsTableViewController */,
				54CD08911A6FADA1002BBB8A /* Main.storyboard */,
				542A858C1A8CADCF00DC0E19 /* contentsViewController.xib */,
				5437B96F1ABB16CE00560821 /* TopTabViewController.h */,
				5437B9701ABB16CE00560821 /* TopTabViewController.m */,
			);
			name = controller;
			sourceTree = "<group>";
		};
		5437B93B1ABADD3900560821 /* MySelfDataImages */ = {
			isa = PBXGroup;
			children = (
				5437B93F1ABAE00E00560821 /* default_dark_region_icon.png */,
				5437B9401ABAE00E00560821 /* set_btn_normal.png */,
				5437B9411ABAE00E00560821 /* set_btn_press.png */,
				5437B9421ABAE00E00560821 /* default_head@2x.png */,
				5437B9431ABAE00E00560821 /* default_personal_bg@2x.png */,
				5437B9441ABAE00E00560821 /* default_user_head@2x.png */,
				5437B9451ABAE00E00560821 /* first_win_calendar_arrow@2x.png */,
				5437B9461ABAE00E00560821 /* first_win_calendar_btn_normal@2x.png */,
				5437B9471ABAE00E00560821 /* first_win_calendar_btn_press@2x.png */,
				5437B9481ABAE00E00560821 /* friend_header_down@2x.png */,
				5437B9491ABAE00E00560821 /* friend_sex_female@2x.png */,
				5437B94A1ABAE00E00560821 /* friend_sex_male@2x.png */,
				5437B94B1ABAE00E00560821 /* friend_state_offline@2x.png */,
				5437B94C1ABAE00E00560821 /* person_card_share_press@2x.png */,
				5437B94D1ABAE00E00560821 /* player_card_arrow_normal@2x.png */,
				5437B94E1ABAE00E00560821 /* player_card_arrow_press@2x.png */,
				5437B94F1ABAE00E00560821 /* player_position_edit@2x.png */,
				5437B9501ABAE00E00560821 /* quiz_progress_bg@2x.png */,
				5437B9511ABAE00E00560821 /* quiz_seperate_line@2x.png */,
				5437B9521ABAE00E00560821 /* share_normal@2x.png */,
				5437B9531ABAE00E00560821 /* share_pressed@2x.png */,
				5437B9541ABAE00E00560821 /* stage_0@2x.png */,
			);
			name = MySelfDataImages;
			sourceTree = "<group>";
		};
		5437B96B1ABAE06800560821 /* MySelfData */ = {
			isa = PBXGroup;
			children = (
				5437B93C1ABADF6B00560821 /* MySelfDataForLOLDemoViewController.h */,
				5437B93D1ABADF6B00560821 /* MySelfDataForLOLDemoViewController.m */,
			);
			name = MySelfData;
			sourceTree = "<group>";
		};
		5439B4A71A96C65500B66412 /* image */ = {
			isa = PBXGroup;
			children = (
				5437B93B1ABADD3900560821 /* MySelfDataImages */,
				54B572961ABAAAC60062D43C /* TabBarImages */,
				54C6C05F1AB427AD00C82958 /* NewsImages */,
			);
			name = image;
			sourceTree = "<group>";
		};
		54AC94DE1AA87325004CD072 /* ImagePlayerView */ = {
			isa = PBXGroup;
			children = (
				54B5726F1ABAA81B0062D43C /* ImagePlayerView-Prefix.pch */,
				54B572701ABAA81B0062D43C /* ImagePlayerView.h */,
				54B572711ABAA81B0062D43C /* ImagePlayerView.m */,
			);
			path = ImagePlayerView;
			sourceTree = "<group>";
		};
		54B572961ABAAAC60062D43C /* TabBarImages */ = {
			isa = PBXGroup;
			children = (
				54B572971ABAAAEF0062D43C /* tab_bar_selected2@2x.png */,
				54B572981ABAAAEF0062D43C /* tab_icon_friend_press2@2x.png */,
				54B572991ABAAAEF0062D43C /* tab_icon_more_press2@2x.png */,
				54B5729A1ABAAAEF0062D43C /* tab_icon_news_press2@2x.png */,
				54B5729B1ABAAAEF0062D43C /* tab_icon_quiz_press2@2x.png */,
				54B5729C1ABAAAEF0062D43C /* tab_bar_bkg_2@2x.png */,
				54B5729D1ABAAAEF0062D43C /* tab_bar_bkg@2x.png */,
				54B5729E1ABAAAEF0062D43C /* tab_bar_selected@2x.png */,
				54B5729F1ABAAAEF0062D43C /* tab_icon_friend_normal@2x.png */,
				54B572A01ABAAAEF0062D43C /* tab_icon_friend_press_for_sex_plus@3x.png */,
				54B572A11ABAAAEF0062D43C /* tab_icon_friend_press@2x.png */,
				54B572A21ABAAAEF0062D43C /* tab_icon_more_normal@2x.png */,
				54B572A31ABAAAEF0062D43C /* tab_icon_more_press_for_sex_plus@3x.png */,
				54B572A41ABAAAEF0062D43C /* tab_icon_more_press@2x.png */,
				54B572A51ABAAAEF0062D43C /* tab_icon_news_normal@2x.png */,
				54B572A61ABAAAEF0062D43C /* tab_icon_news_press_for_sex_plus@3x.png */,
				54B572A71ABAAAEF0062D43C /* tab_icon_news_press@2x.png */,
				54B572A81ABAAAEF0062D43C /* tab_icon_quiz_normal@2x.png */,
			);
			name = TabBarImages;
			sourceTree = "<group>";
		};
		54C6BFF21AB421D200C82958 /* NewsTableViewController */ = {
			isa = PBXGroup;
			children = (
				54C6C05C1AB4241700C82958 /* NewsTableViewController.h */,
				54C6C05D1AB4241700C82958 /* NewsTableViewController.m */,
				5437B96C1ABB00FF00560821 /* NewsAndImagePlayerViewController.h */,
				5437B96D1ABB00FF00560821 /* NewsAndImagePlayerViewController.m */,
			);
			name = NewsTableViewController;
			sourceTree = "<group>";
		};
		54C6BFF31AB421E900C82958 /* MJRefresh */ = {
			isa = PBXGroup;
			children = (
				54B572481ABAA7430062D43C /* MJRefresh.h */,
				54B572491ABAA7430062D43C /* MJRefreshComponent.h */,
				54B5724A1ABAA7430062D43C /* MJRefreshComponent.m */,
				54B5724B1ABAA7430062D43C /* MJRefreshConst.h */,
				54B5724C1ABAA7430062D43C /* MJRefreshConst.m */,
				54B5724D1ABAA7430062D43C /* MJRefreshFooter.h */,
				54B5724E1ABAA7430062D43C /* MJRefreshFooter.m */,
				54B5724F1ABAA7430062D43C /* MJRefreshGifFooter.h */,
				54B572501ABAA7430062D43C /* MJRefreshGifFooter.m */,
				54B572511ABAA7430062D43C /* MJRefreshGifHeader.h */,
				54B572521ABAA7430062D43C /* MJRefreshGifHeader.m */,
				54B572531ABAA7430062D43C /* MJRefreshHeader.h */,
				54B572541ABAA7430062D43C /* MJRefreshHeader.m */,
				54B572551ABAA7430062D43C /* MJRefreshLegendFooter.h */,
				54B572561ABAA7430062D43C /* MJRefreshLegendFooter.m */,
				54B572571ABAA7430062D43C /* MJRefreshLegendHeader.h */,
				54B572581ABAA7430062D43C /* MJRefreshLegendHeader.m */,
				54B572591ABAA7430062D43C /* UIScrollView+MJExtension.h */,
				54B5725A1ABAA7430062D43C /* UIScrollView+MJExtension.m */,
				54B5725B1ABAA7430062D43C /* UIScrollView+MJRefresh.h */,
				54B5725C1ABAA7430062D43C /* UIScrollView+MJRefresh.m */,
				54B5725D1ABAA7430062D43C /* UIView+MJExtension.h */,
				54B5725E1ABAA7430062D43C /* UIView+MJExtension.m */,
				54B572611ABAA7430062D43C /* MJRefresh.bundle */,
			);
			name = MJRefresh;
			sourceTree = "<group>";
		};
		54C6C05F1AB427AD00C82958 /* NewsImages */ = {
			isa = PBXGroup;
			children = (
				54B572021ABAA67C0062D43C /* 下拉刷新动画（改）.gif */,
				54B572031ABAA67C0062D43C /* loading_teemo_1副本.png */,
				54B572041ABAA67C0062D43C /* loading_teemo_2副本.png */,
				54B572051ABAA67C0062D43C /* LOL1.jpg */,
				54B572061ABAA67C0062D43C /* LOL2.jpg */,
				54B572071ABAA67C0062D43C /* LOL3.jpg */,
				54B572081ABAA67C0062D43C /* LOL4.jpg */,
				54B572091ABAA67C0062D43C /* LOL5.jpg */,
				54B5720A1ABAA67C0062D43C /* LOL6.jpg */,
				54B5720B1ABAA67C0062D43C /* LOL7.jpg */,
				54B5720C1ABAA67C0062D43C /* LOL8.jpg */,
				54B5720D1ABAA67C0062D43C /* LOL9.jpg */,
				54B5720E1ABAA67C0062D43C /* LOL10.jpg */,
				54B5720F1ABAA67C0062D43C /* LOL11.jpg */,
				54B572101ABAA67C0062D43C /* LOL12.jpg */,
				54B572111ABAA67C0062D43C /* LOL13.jpg */,
				54B572121ABAA67C0062D43C /* timo(new).png */,
				54B572131ABAA67C0062D43C /* timo(new)2.png */,
				54B572141ABAA67C0062D43C /* 壁纸1.jpg */,
				54B572151ABAA67C0062D43C /* 壁纸2.jpg */,
				54B572161ABAA67C0062D43C /* 壁纸3.jpg */,
				54B572171ABAA67C0062D43C /* 壁纸4.jpg */,
				54B572181ABAA67C0062D43C /* 未标题-4.png */,
				54B572191ABAA67C0062D43C /* common_loading_anne_0@2x.png */,
				54B5721A1ABAA67C0062D43C /* common_loading_anne_1@2x.png */,
				54B5721B1ABAA67C0062D43C /* list_news_tab_image_background@2x.png */,
				54B5721C1ABAA67C0062D43C /* list_news_tab_image_select@2x.png */,
				54B5721D1ABAA67C0062D43C /* list_news_top_arrow_normal@2x.png */,
				54B5721E1ABAA67C0062D43C /* list_news_top_arrow_press@2x.png */,
				54B5721F1ABAA67C0062D43C /* loading_teemo_1.png */,
				54B572201ABAA67C0062D43C /* loading_teemo_2.png */,
				54B572211ABAA67C0062D43C /* image0.png */,
				54B572221ABAA67C0062D43C /* image1.png */,
				54B572231ABAA67C0062D43C /* image2.png */,
				54B572241ABAA67C0062D43C /* image3.png */,
			);
			name = NewsImages;
			sourceTree = "<group>";
		};
		54CAFB6A1A9DF1A4004ED6BC /* Masonry */ = {
			isa = PBXGroup;
			children = (
				54B572761ABAA8C40062D43C /* MASCompositeConstraint.h */,
				54B572771ABAA8C40062D43C /* MASCompositeConstraint.m */,
				54B572781ABAA8C40062D43C /* MASConstraint.h */,
				54B572791ABAA8C40062D43C /* MASConstraint.m */,
				54B5727A1ABAA8C40062D43C /* MASConstraint+Private.h */,
				54B5727B1ABAA8C40062D43C /* MASConstraintMaker.h */,
				54B5727C1ABAA8C40062D43C /* MASConstraintMaker.m */,
				54B5727D1ABAA8C40062D43C /* MASLayoutConstraint.h */,
				54B5727E1ABAA8C40062D43C /* MASLayoutConstraint.m */,
				54B5727F1ABAA8C40062D43C /* Masonry.h */,
				54B572801ABAA8C40062D43C /* MASUtilities.h */,
				54B572811ABAA8C40062D43C /* MASViewAttribute.h */,
				54B572821ABAA8C40062D43C /* MASViewAttribute.m */,
				54B572831ABAA8C40062D43C /* MASViewConstraint.h */,
				54B572841ABAA8C40062D43C /* MASViewConstraint.m */,
				54B572851ABAA8C40062D43C /* NSArray+MASAdditions.h */,
				54B572861ABAA8C40062D43C /* NSArray+MASAdditions.m */,
				54B572871ABAA8C40062D43C /* NSArray+MASShorthandAdditions.h */,
				54B572881ABAA8C40062D43C /* NSLayoutConstraint+MASDebugAdditions.h */,
				54B572891ABAA8C40062D43C /* NSLayoutConstraint+MASDebugAdditions.m */,
				54B5728A1ABAA8C40062D43C /* View+MASAdditions.h */,
				54B5728B1ABAA8C40062D43C /* View+MASAdditions.m */,
				54B5728C1ABAA8C40062D43C /* View+MASShorthandAdditions.h */,
			);
			path = Masonry;
			sourceTree = "<group>";
		};
		54CAFB8B1A9E1D35004ED6BC /* ICViewPager */ = {
			isa = PBXGroup;
			children = (
				54B572731ABAA8620062D43C /* ViewPagerController.h */,
				54B572741ABAA8620062D43C /* ViewPagerController.m */,
			);
			path = ICViewPager;
			sourceTree = "<group>";
		};
		54CBBFC81A7D0CD300069502 /* third */ = {
			isa = PBXGroup;
			children = (
				54C6BFF31AB421E900C82958 /* MJRefresh */,
				54F6D24B1AAC2A7E006C65EA /* SMPageControl */,
				54AC94DE1AA87325004CD072 /* ImagePlayerView */,
				54CAFB8B1A9E1D35004ED6BC /* ICViewPager */,
				54CAFB6A1A9DF1A4004ED6BC /* Masonry */,
			);
			name = third;
			sourceTree = "<group>";
		};
		54CD087B1A6FADA0002BBB8A = {
			isa = PBXGroup;
			children = (
				5439B4A71A96C65500B66412 /* image */,
				542A85891A8C5C6600DC0E19 /* controller */,
				54CBBFC81A7D0CD300069502 /* third */,
				54CD08861A6FADA0002BBB8A /* LOLDemo */,
				54CD08A01A6FADA1002BBB8A /* LOLDemoTests */,
				54CD08851A6FADA0002BBB8A /* Products */,
			);
			sourceTree = "<group>";
		};
		54CD08851A6FADA0002BBB8A /* Products */ = {
			isa = PBXGroup;
			children = (
				54CD08841A6FADA0002BBB8A /* LOLDemo.app */,
				54CD089D1A6FADA1002BBB8A /* LOLDemoTests.xctest */,
			);
			name = Products;
			sourceTree = "<group>";
		};
		54CD08861A6FADA0002BBB8A /* LOLDemo */ = {
			isa = PBXGroup;
			children = (
				54CD088B1A6FADA1002BBB8A /* AppDelegate.h */,
				54CD088C1A6FADA1002BBB8A /* AppDelegate.m */,
				54CD08941A6FADA1002BBB8A /* Images.xcassets */,
				54CD08961A6FADA1002BBB8A /* LaunchScreen.xib */,
				54CD08871A6FADA0002BBB8A /* Supporting Files */,
			);
			path = LOLDemo;
			sourceTree = "<group>";
		};
		54CD08871A6FADA0002BBB8A /* Supporting Files */ = {
			isa = PBXGroup;
			children = (
				54CD08881A6FADA1002BBB8A /* Info.plist */,
				54CD08891A6FADA1002BBB8A /* main.m */,
			);
			name = "Supporting Files";
			sourceTree = "<group>";
		};
		54CD08A01A6FADA1002BBB8A /* LOLDemoTests */ = {
			isa = PBXGroup;
			children = (
				54CD08A31A6FADA1002BBB8A /* LOLDemoTests.m */,
				54CD08A11A6FADA1002BBB8A /* Supporting Files */,
			);
			path = LOLDemoTests;
			sourceTree = "<group>";
		};
		54CD08A11A6FADA1002BBB8A /* Supporting Files */ = {
			isa = PBXGroup;
			children = (
				54CD08A21A6FADA1002BBB8A /* Info.plist */,
			);
			name = "Supporting Files";
			sourceTree = "<group>";
		};
		54F6D24B1AAC2A7E006C65EA /* SMPageControl */ = {
			isa = PBXGroup;
			children = (
				54B5725F1ABAA7430062D43C /* SMPageControl.h */,
				54B572601ABAA7430062D43C /* SMPageControl.m */,
			);
			name = SMPageControl;
			sourceTree = "<group>";
		};
/* End PBXGroup section */

/* Begin PBXNativeTarget section */
		54CD08831A6FADA0002BBB8A /* LOLDemo */ = {
			isa = PBXNativeTarget;
			buildConfigurationList = 54CD08A71A6FADA1002BBB8A /* Build configuration list for PBXNativeTarget "LOLDemo" */;
			buildPhases = (
				54CD08801A6FADA0002BBB8A /* Sources */,
				54CD08811A6FADA0002BBB8A /* Frameworks */,
				54CD08821A6FADA0002BBB8A /* Resources */,
			);
			buildRules = (
			);
			dependencies = (
			);
			name = LOLDemo;
			productName = LOLDemo;
			productReference = 54CD08841A6FADA0002BBB8A /* LOLDemo.app */;
			productType = "com.apple.product-type.application";
		};
		54CD089C1A6FADA1002BBB8A /* LOLDemoTests */ = {
			isa = PBXNativeTarget;
			buildConfigurationList = 54CD08AA1A6FADA1002BBB8A /* Build configuration list for PBXNativeTarget "LOLDemoTests" */;
			buildPhases = (
				54CD08991A6FADA1002BBB8A /* Sources */,
				54CD089A1A6FADA1002BBB8A /* Frameworks */,
				54CD089B1A6FADA1002BBB8A /* Resources */,
			);
			buildRules = (
			);
			dependencies = (
				54CD089F1A6FADA1002BBB8A /* PBXTargetDependency */,
			);
			name = LOLDemoTests;
			productName = LOLDemoTests;
			productReference = 54CD089D1A6FADA1002BBB8A /* LOLDemoTests.xctest */;
			productType = "com.apple.product-type.bundle.unit-test";
		};
/* End PBXNativeTarget section */

/* Begin PBXProject section */
		54CD087C1A6FADA0002BBB8A /* Project object */ = {
			isa = PBXProject;
			attributes = {
				LastUpgradeCheck = 0610;
				ORGANIZATIONNAME = yufu;
				TargetAttributes = {
					54CD08831A6FADA0002BBB8A = {
						CreatedOnToolsVersion = 6.1.1;
					};
					54CD089C1A6FADA1002BBB8A = {
						CreatedOnToolsVersion = 6.1.1;
						TestTargetID = 54CD08831A6FADA0002BBB8A;
					};
				};
			};
			buildConfigurationList = 54CD087F1A6FADA0002BBB8A /* Build configuration list for PBXProject "LOLDemo" */;
			compatibilityVersion = "Xcode 3.2";
			developmentRegion = English;
			hasScannedForEncodings = 0;
			knownRegions = (
				en,
				Base,
			);
			mainGroup = 54CD087B1A6FADA0002BBB8A;
			productRefGroup = 54CD08851A6FADA0002BBB8A /* Products */;
			projectDirPath = "";
			projectRoot = "";
			targets = (
				54CD08831A6FADA0002BBB8A /* LOLDemo */,
				54CD089C1A6FADA1002BBB8A /* LOLDemoTests */,
			);
		};
/* End PBXProject section */

/* Begin PBXResourcesBuildPhase section */
		54CD08821A6FADA0002BBB8A /* Resources */ = {
			isa = PBXResourcesBuildPhase;
			buildActionMask = 2147483647;
			files = (
				54B572B61ABAAAEF0062D43C /* tab_icon_more_press@2x.png in Resources */,
				54B572371ABAA67C0062D43C /* 壁纸1.jpg in Resources */,
				54B572401ABAA67C0062D43C /* list_news_top_arrow_normal@2x.png in Resources */,
				54B572BA1ABAAAEF0062D43C /* tab_icon_quiz_normal@2x.png in Resources */,
				54B572351ABAA67C0062D43C /* timo(new).png in Resources */,
				54B5723D1ABAA67C0062D43C /* common_loading_anne_1@2x.png in Resources */,
				5437B95C1ABAE00E00560821 /* first_win_calendar_btn_normal@2x.png in Resources */,
				54B572411ABAA67C0062D43C /* list_news_top_arrow_press@2x.png in Resources */,
				54B572B41ABAAAEF0062D43C /* tab_icon_more_normal@2x.png in Resources */,
				54B572441ABAA67C0062D43C /* image0.png in Resources */,
				54B572B91ABAAAEF0062D43C /* tab_icon_news_press@2x.png in Resources */,
				54B572391ABAA67C0062D43C /* 壁纸3.jpg in Resources */,
				54B572311ABAA67C0062D43C /* LOL10.jpg in Resources */,
				54B572B11ABAAAEF0062D43C /* tab_icon_friend_normal@2x.png in Resources */,
				542A858E1A8CADCF00DC0E19 /* contentsViewController.xib in Resources */,
				54B5723F1ABAA67C0062D43C /* list_news_tab_image_select@2x.png in Resources */,
				54B572471ABAA67C0062D43C /* image3.png in Resources */,
				54B5722E1ABAA67C0062D43C /* LOL7.jpg in Resources */,
				54B5722D1ABAA67C0062D43C /* LOL6.jpg in Resources */,
				54B572451ABAA67C0062D43C /* image1.png in Resources */,
				54B5722B1ABAA67C0062D43C /* LOL4.jpg in Resources */,
				54B572291ABAA67C0062D43C /* LOL2.jpg in Resources */,
				54B572B31ABAAAEF0062D43C /* tab_icon_friend_press@2x.png in Resources */,
				5437B95D1ABAE00E00560821 /* first_win_calendar_btn_press@2x.png in Resources */,
				54B572421ABAA67C0062D43C /* loading_teemo_1.png in Resources */,
				54B5722F1ABAA67C0062D43C /* LOL8.jpg in Resources */,
				5437B95F1ABAE00E00560821 /* friend_sex_female@2x.png in Resources */,
				54B572A91ABAAAEF0062D43C /* tab_bar_selected2@2x.png in Resources */,
				54B572281ABAA67C0062D43C /* LOL1.jpg in Resources */,
				54B5723E1ABAA67C0062D43C /* list_news_tab_image_background@2x.png in Resources */,
				54B572431ABAA67C0062D43C /* loading_teemo_2.png in Resources */,
				5437B9571ABAE00E00560821 /* set_btn_press.png in Resources */,
				54B572341ABAA67C0062D43C /* LOL13.jpg in Resources */,
				5437B9551ABAE00E00560821 /* default_dark_region_icon.png in Resources */,
				54B572B01ABAAAEF0062D43C /* tab_bar_selected@2x.png in Resources */,
				54CD08931A6FADA1002BBB8A /* Main.storyboard in Resources */,
				5437B9691ABAE00E00560821 /* share_pressed@2x.png in Resources */,
				54B572AB1ABAAAEF0062D43C /* tab_icon_more_press2@2x.png in Resources */,
				5437B9581ABAE00E00560821 /* default_head@2x.png in Resources */,
				5437B9601ABAE00E00560821 /* friend_sex_male@2x.png in Resources */,
				54B5722C1ABAA67C0062D43C /* LOL5.jpg in Resources */,
				54B572361ABAA67C0062D43C /* timo(new)2.png in Resources */,
				54B572AA1ABAAAEF0062D43C /* tab_icon_friend_press2@2x.png in Resources */,
				54B572271ABAA67C0062D43C /* loading_teemo_2副本.png in Resources */,
				54B572AC1ABAAAEF0062D43C /* tab_icon_news_press2@2x.png in Resources */,
				54B572321ABAA67C0062D43C /* LOL11.jpg in Resources */,
				5437B95B1ABAE00E00560821 /* first_win_calendar_arrow@2x.png in Resources */,
				5437B9631ABAE00E00560821 /* player_card_arrow_normal@2x.png in Resources */,
				5437B95A1ABAE00E00560821 /* default_user_head@2x.png in Resources */,
				5437B95E1ABAE00E00560821 /* friend_header_down@2x.png in Resources */,
				54B572261ABAA67C0062D43C /* loading_teemo_1副本.png in Resources */,
				5437B9621ABAE00E00560821 /* person_card_share_press@2x.png in Resources */,
				5437B9561ABAE00E00560821 /* set_btn_normal.png in Resources */,
				54B572331ABAA67C0062D43C /* LOL12.jpg in Resources */,
				5437B9671ABAE00E00560821 /* quiz_seperate_line@2x.png in Resources */,
				54B572461ABAA67C0062D43C /* image2.png in Resources */,
				5437B9611ABAE00E00560821 /* friend_state_offline@2x.png in Resources */,
				5437B9591ABAE00E00560821 /* default_personal_bg@2x.png in Resources */,
				54B572B71ABAAAEF0062D43C /* tab_icon_news_normal@2x.png in Resources */,
				54B5722A1ABAA67C0062D43C /* LOL3.jpg in Resources */,
				54B572B21ABAAAEF0062D43C /* tab_icon_friend_press_for_sex_plus@3x.png in Resources */,
				54B572AD1ABAAAEF0062D43C /* tab_icon_quiz_press2@2x.png in Resources */,
				54B572AF1ABAAAEF0062D43C /* tab_bar_bkg@2x.png in Resources */,
				54B572B81ABAAAEF0062D43C /* tab_icon_news_press_for_sex_plus@3x.png in Resources */,
				54B5723A1ABAA67C0062D43C /* 壁纸4.jpg in Resources */,
				5437B9641ABAE00E00560821 /* player_card_arrow_press@2x.png in Resources */,
				5437B9681ABAE00E00560821 /* share_normal@2x.png in Resources */,
				5437B9651ABAE00E00560821 /* player_position_edit@2x.png in Resources */,
				5437B9661ABAE00E00560821 /* quiz_progress_bg@2x.png in Resources */,
				54B5723B1ABAA67C0062D43C /* 未标题-4.png in Resources */,
				54B572301ABAA67C0062D43C /* LOL9.jpg in Resources */,
				54B572251ABAA67C0062D43C /* 下拉刷新动画（改）.gif in Resources */,
				54CD08981A6FADA1002BBB8A /* LaunchScreen.xib in Resources */,
				54CD08951A6FADA1002BBB8A /* Images.xcassets in Resources */,
				54B572B51ABAAAEF0062D43C /* tab_icon_more_press_for_sex_plus@3x.png in Resources */,
				54B5723C1ABAA67C0062D43C /* common_loading_anne_0@2x.png in Resources */,
				54B5726E1ABAA7430062D43C /* MJRefresh.bundle in Resources */,
				54B572AE1ABAAAEF0062D43C /* tab_bar_bkg_2@2x.png in Resources */,
				5437B96A1ABAE00E00560821 /* stage_0@2x.png in Resources */,
				54B572381ABAA67C0062D43C /* 壁纸2.jpg in Resources */,
			);
			runOnlyForDeploymentPostprocessing = 0;
		};
		54CD089B1A6FADA1002BBB8A /* Resources */ = {
			isa = PBXResourcesBuildPhase;
			buildActionMask = 2147483647;
			files = (
			);
			runOnlyForDeploymentPostprocessing = 0;
		};
/* End PBXResourcesBuildPhase section */

/* Begin PBXSourcesBuildPhase section */
		54CD08801A6FADA0002BBB8A /* Sources */ = {
			isa = PBXSourcesBuildPhase;
			buildActionMask = 2147483647;
			files = (
				54B572721ABAA81B0062D43C /* ImagePlayerView.m in Sources */,
				54B5726C1ABAA7430062D43C /* UIView+MJExtension.m in Sources */,
				54B572931ABAA8C40062D43C /* NSArray+MASAdditions.m in Sources */,
				54B572631ABAA7430062D43C /* MJRefreshConst.m in Sources */,
				54B5728D1ABAA8C40062D43C /* MASCompositeConstraint.m in Sources */,
				54B572911ABAA8C40062D43C /* MASViewAttribute.m in Sources */,
				54B5728E1ABAA8C40062D43C /* MASConstraint.m in Sources */,
				54B5726B1ABAA7430062D43C /* UIScrollView+MJRefresh.m in Sources */,
				54B572651ABAA7430062D43C /* MJRefreshGifFooter.m in Sources */,
				54CD088D1A6FADA1002BBB8A /* AppDelegate.m in Sources */,
				54B572941ABAA8C40062D43C /* NSLayoutConstraint+MASDebugAdditions.m in Sources */,
				54B5728F1ABAA8C40062D43C /* MASConstraintMaker.m in Sources */,
				54B572661ABAA7430062D43C /* MJRefreshGifHeader.m in Sources */,
				54B572691ABAA7430062D43C /* MJRefreshLegendHeader.m in Sources */,
				54B572901ABAA8C40062D43C /* MASLayoutConstraint.m in Sources */,
				54B572671ABAA7430062D43C /* MJRefreshHeader.m in Sources */,
				5437B93E1ABADF6B00560821 /* MySelfDataForLOLDemoViewController.m in Sources */,
				54B572921ABAA8C40062D43C /* MASViewConstraint.m in Sources */,
				54B5726D1ABAA7430062D43C /* SMPageControl.m in Sources */,
				54B572641ABAA7430062D43C /* MJRefreshFooter.m in Sources */,
				54B572951ABAA8C40062D43C /* View+MASAdditions.m in Sources */,
				5437B96E1ABB00FF00560821 /* NewsAndImagePlayerViewController.m in Sources */,
				54B5726A1ABAA7430062D43C /* UIScrollView+MJExtension.m in Sources */,
				5437B9711ABB16CE00560821 /* TopTabViewController.m in Sources */,
				54C6C05E1AB4241700C82958 /* NewsTableViewController.m in Sources */,
				54B572621ABAA7430062D43C /* MJRefreshComponent.m in Sources */,
				54B572751ABAA8620062D43C /* ViewPagerController.m in Sources */,
				54B572681ABAA7430062D43C /* MJRefreshLegendFooter.m in Sources */,
				54CD088A1A6FADA1002BBB8A /* main.m in Sources */,
			);
			runOnlyForDeploymentPostprocessing = 0;
		};
		54CD08991A6FADA1002BBB8A /* Sources */ = {
			isa = PBXSourcesBuildPhase;
			buildActionMask = 2147483647;
			files = (
				54CD08A41A6FADA1002BBB8A /* LOLDemoTests.m in Sources */,
			);
			runOnlyForDeploymentPostprocessing = 0;
		};
/* End PBXSourcesBuildPhase section */

/* Begin PBXTargetDependency section */
		54CD089F1A6FADA1002BBB8A /* PBXTargetDependency */ = {
			isa = PBXTargetDependency;
			target = 54CD08831A6FADA0002BBB8A /* LOLDemo */;
			targetProxy = 54CD089E1A6FADA1002BBB8A /* PBXContainerItemProxy */;
		};
/* End PBXTargetDependency section */

/* Begin PBXVariantGroup section */
		54CD08911A6FADA1002BBB8A /* Main.storyboard */ = {
			isa = PBXVariantGroup;
			children = (
				54CD08921A6FADA1002BBB8A /* Base */,
			);
			name = Main.storyboard;
			path = LOLDemo;
			sourceTree = "<group>";
		};
		54CD08961A6FADA1002BBB8A /* LaunchScreen.xib */ = {
			isa = PBXVariantGroup;
			children = (
				54CD08971A6FADA1002BBB8A /* Base */,
			);
			name = LaunchScreen.xib;
			sourceTree = "<group>";
		};
/* End PBXVariantGroup section */

/* Begin XCBuildConfiguration section */
		54CD08A51A6FADA1002BBB8A /* Debug */ = {
			isa = XCBuildConfiguration;
			buildSettings = {
				ALWAYS_SEARCH_USER_PATHS = NO;
				CLANG_CXX_LANGUAGE_STANDARD = "gnu++0x";
				CLANG_CXX_LIBRARY = "libc++";
				CLANG_ENABLE_MODULES = YES;
				CLANG_ENABLE_OBJC_ARC = YES;
				CLANG_WARN_BOOL_CONVERSION = YES;
				CLANG_WARN_CONSTANT_CONVERSION = YES;
				CLANG_WARN_DIRECT_OBJC_ISA_USAGE = YES_ERROR;
				CLANG_WARN_EMPTY_BODY = YES;
				CLANG_WARN_ENUM_CONVERSION = YES;
				CLANG_WARN_INT_CONVERSION = YES;
				CLANG_WARN_OBJC_ROOT_CLASS = YES_ERROR;
				CLANG_WARN_UNREACHABLE_CODE = YES;
				CLANG_WARN__DUPLICATE_METHOD_MATCH = YES;
				"CODE_SIGN_IDENTITY[sdk=iphoneos*]" = "iPhone Developer";
				COPY_PHASE_STRIP = NO;
				ENABLE_STRICT_OBJC_MSGSEND = YES;
				GCC_C_LANGUAGE_STANDARD = gnu99;
				GCC_DYNAMIC_NO_PIC = NO;
				GCC_OPTIMIZATION_LEVEL = 0;
				GCC_PREPROCESSOR_DEFINITIONS = (
					"DEBUG=1",
					"$(inherited)",
				);
				GCC_SYMBOLS_PRIVATE_EXTERN = NO;
				GCC_WARN_64_TO_32_BIT_CONVERSION = YES;
				GCC_WARN_ABOUT_RETURN_TYPE = YES_ERROR;
				GCC_WARN_UNDECLARED_SELECTOR = YES;
				GCC_WARN_UNINITIALIZED_AUTOS = YES_AGGRESSIVE;
				GCC_WARN_UNUSED_FUNCTION = YES;
				GCC_WARN_UNUSED_VARIABLE = YES;
				IPHONEOS_DEPLOYMENT_TARGET = 8.1;
				MTL_ENABLE_DEBUG_INFO = YES;
				ONLY_ACTIVE_ARCH = YES;
				SDKROOT = iphoneos;
			};
			name = Debug;
		};
		54CD08A61A6FADA1002BBB8A /* Release */ = {
			isa = XCBuildConfiguration;
			buildSettings = {
				ALWAYS_SEARCH_USER_PATHS = NO;
				CLANG_CXX_LANGUAGE_STANDARD = "gnu++0x";
				CLANG_CXX_LIBRARY = "libc++";
				CLANG_ENABLE_MODULES = YES;
				CLANG_ENABLE_OBJC_ARC = YES;
				CLANG_WARN_BOOL_CONVERSION = YES;
				CLANG_WARN_CONSTANT_CONVERSION = YES;
				CLANG_WARN_DIRECT_OBJC_ISA_USAGE = YES_ERROR;
				CLANG_WARN_EMPTY_BODY = YES;
				CLANG_WARN_ENUM_CONVERSION = YES;
				CLANG_WARN_INT_CONVERSION = YES;
				CLANG_WARN_OBJC_ROOT_CLASS = YES_ERROR;
				CLANG_WARN_UNREACHABLE_CODE = YES;
				CLANG_WARN__DUPLICATE_METHOD_MATCH = YES;
				"CODE_SIGN_IDENTITY[sdk=iphoneos*]" = "iPhone Developer";
				COPY_PHASE_STRIP = YES;
				ENABLE_NS_ASSERTIONS = NO;
				ENABLE_STRICT_OBJC_MSGSEND = YES;
				GCC_C_LANGUAGE_STANDARD = gnu99;
				GCC_WARN_64_TO_32_BIT_CONVERSION = YES;
				GCC_WARN_ABOUT_RETURN_TYPE = YES_ERROR;
				GCC_WARN_UNDECLARED_SELECTOR = YES;
				GCC_WARN_UNINITIALIZED_AUTOS = YES_AGGRESSIVE;
				GCC_WARN_UNUSED_FUNCTION = YES;
				GCC_WARN_UNUSED_VARIABLE = YES;
				IPHONEOS_DEPLOYMENT_TARGET = 8.1;
				MTL_ENABLE_DEBUG_INFO = NO;
				SDKROOT = iphoneos;
				VALIDATE_PRODUCT = YES;
			};
			name = Release;
		};
		54CD08A81A6FADA1002BBB8A /* Debug */ = {
			isa = XCBuildConfiguration;
			buildSettings = {
				ASSETCATALOG_COMPILER_APPICON_NAME = AppIcon;
				INFOPLIST_FILE = LOLDemo/Info.plist;
				LD_RUNPATH_SEARCH_PATHS = "$(inherited) @executable_path/Frameworks";
				PRODUCT_NAME = "$(TARGET_NAME)";
			};
			name = Debug;
		};
		54CD08A91A6FADA1002BBB8A /* Release */ = {
			isa = XCBuildConfiguration;
			buildSettings = {
				ASSETCATALOG_COMPILER_APPICON_NAME = AppIcon;
				INFOPLIST_FILE = LOLDemo/Info.plist;
				LD_RUNPATH_SEARCH_PATHS = "$(inherited) @executable_path/Frameworks";
				PRODUCT_NAME = "$(TARGET_NAME)";
			};
			name = Release;
		};
		54CD08AB1A6FADA1002BBB8A /* Debug */ = {
			isa = XCBuildConfiguration;
			buildSettings = {
				BUNDLE_LOADER = "$(TEST_HOST)";
				FRAMEWORK_SEARCH_PATHS = (
					"$(SDKROOT)/Developer/Library/Frameworks",
					"$(inherited)",
				);
				GCC_PREPROCESSOR_DEFINITIONS = (
					"DEBUG=1",
					"$(inherited)",
				);
				INFOPLIST_FILE = LOLDemoTests/Info.plist;
				LD_RUNPATH_SEARCH_PATHS = "$(inherited) @executable_path/Frameworks @loader_path/Frameworks";
				PRODUCT_NAME = "$(TARGET_NAME)";
				TEST_HOST = "$(BUILT_PRODUCTS_DIR)/LOLDemo.app/LOLDemo";
			};
			name = Debug;
		};
		54CD08AC1A6FADA1002BBB8A /* Release */ = {
			isa = XCBuildConfiguration;
			buildSettings = {
				BUNDLE_LOADER = "$(TEST_HOST)";
				FRAMEWORK_SEARCH_PATHS = (
					"$(SDKROOT)/Developer/Library/Frameworks",
					"$(inherited)",
				);
				INFOPLIST_FILE = LOLDemoTests/Info.plist;
				LD_RUNPATH_SEARCH_PATHS = "$(inherited) @executable_path/Frameworks @loader_path/Frameworks";
				PRODUCT_NAME = "$(TARGET_NAME)";
				TEST_HOST = "$(BUILT_PRODUCTS_DIR)/LOLDemo.app/LOLDemo";
			};
			name = Release;
		};
/* End XCBuildConfiguration section */

/* Begin XCConfigurationList section */
		54CD087F1A6FADA0002BBB8A /* Build configuration list for PBXProject "LOLDemo" */ = {
			isa = XCConfigurationList;
			buildConfigurations = (
				54CD08A51A6FADA1002BBB8A /* Debug */,
				54CD08A61A6FADA1002BBB8A /* Release */,
			);
			defaultConfigurationIsVisible = 0;
			defaultConfigurationName = Debug;
		};
		54CD08A71A6FADA1002BBB8A /* Build configuration list for PBXNativeTarget "LOLDemo" */ = {
			isa = XCConfigurationList;
			buildConfigurations = (
				54CD08A81A6FADA1002BBB8A /* Debug */,
				54CD08A91A6FADA1002BBB8A /* Release */,
			);
			defaultConfigurationIsVisible = 0;
			defaultConfigurationName = Debug;
		};
		54CD08AA1A6FADA1002BBB8A /* Build configuration list for PBXNativeTarget "LOLDemoTests" */ = {
			isa = XCConfigurationList;
			buildConfigurations = (
				54CD08AB1A6FADA1002BBB8A /* Debug */,
				54CD08AC1A6FADA1002BBB8A /* Release */,
			);
			defaultConfigurationIsVisible = 0;
			defaultConfigurationName = Debug;
		};
/* End XCConfigurationList section */
	};
	rootObject = 54CD087C1A6FADA0002BBB8A /* Project object */;
}
